// !$*UTF8*$!
{
	archiveVersion = 1;
	classes = {
	};
	objectVersion = 46;
	objects = {

/* Begin PBXBuildFile section */
		AA2B54431987461200E0E6CD /* main.swift in Sources */ = {isa = PBXBuildFile; fileRef = AA2B54421987461200E0E6CD /* main.swift */; };
		AA2B54451987461200E0E6CD /* AppDelegate.swift in Sources */ = {isa = PBXBuildFile; fileRef = AA2B54441987461200E0E6CD /* AppDelegate.swift */; };
		AA2B54471987461200E0E6CD /* Images.xcassets in Resources */ = {isa = PBXBuildFile; fileRef = AA2B54461987461200E0E6CD /* Images.xcassets */; };
		AA2B544A1987461200E0E6CD /* MainMenu.xib in Resources */ = {isa = PBXBuildFile; fileRef = AA2B54481987461200E0E6CD /* MainMenu.xib */; };
		AA2B54561987461200E0E6CD /* NSButtonTests.swift in Sources */ = {isa = PBXBuildFile; fileRef = AA2B54551987461200E0E6CD /* NSButtonTests.swift */; };
/* End PBXBuildFile section */

/* Begin PBXContainerItemProxy section */
		AA2B54501987461200E0E6CD /* PBXContainerItemProxy */ = {
			isa = PBXContainerItemProxy;
			containerPortal = AA2B54351987461200E0E6CD /* Project object */;
			proxyType = 1;
			remoteGlobalIDString = AA2B543C1987461200E0E6CD;
			remoteInfo = NSButton;
		};
/* End PBXContainerItemProxy section */

/* Begin PBXFileReference section */
		AA2B543D1987461200E0E6CD /* NSButton.app */ = {isa = PBXFileReference; explicitFileType = wrapper.application; includeInIndex = 0; path = NSButton.app; sourceTree = BUILT_PRODUCTS_DIR; };
		AA2B54411987461200E0E6CD /* Info.plist */ = {isa = PBXFileReference; lastKnownFileType = text.plist.xml; path = Info.plist; sourceTree = "<group>"; };
		AA2B54421987461200E0E6CD /* main.swift */ = {isa = PBXFileReference; lastKnownFileType = sourcecode.swift; path = main.swift; sourceTree = "<group>"; };
		AA2B54441987461200E0E6CD /* AppDelegate.swift */ = {isa = PBXFileReference; lastKnownFileType = sourcecode.swift; path = AppDelegate.swift; sourceTree = "<group>"; };
		AA2B54461987461200E0E6CD /* Images.xcassets */ = {isa = PBXFileReference; lastKnownFileType = folder.assetcatalog; path = Images.xcassets; sourceTree = "<group>"; };
		AA2B54491987461200E0E6CD /* Base */ = {isa = PBXFileReference; lastKnownFileType = file.xib; name = Base; path = Base.lproj/MainMenu.xib; sourceTree = "<group>"; };
		AA2B544F1987461200E0E6CD /* NSButtonTests.xctest */ = {isa = PBXFileReference; explicitFileType = wrapper.cfbundle; includeInIndex = 0; path = NSButtonTests.xctest; sourceTree = BUILT_PRODUCTS_DIR; };
		AA2B54541987461200E0E6CD /* Info.plist */ = {isa = PBXFileReference; lastKnownFileType = text.plist.xml; path = Info.plist; sourceTree = "<group>"; };
		AA2B54551987461200E0E6CD /* NSButtonTests.swift */ = {isa = PBXFileReference; lastKnownFileType = sourcecode.swift; path = NSButtonTests.swift; sourceTree = "<group>"; };
/* End PBXFileReference section */

/* Begin PBXFrameworksBuildPhase section */
		AA2B543A1987461200E0E6CD /* Frameworks */ = {
			isa = PBXFrameworksBuildPhase;
			buildActionMask = 2147483647;
			files = (
			);
			runOnlyForDeploymentPostprocessing = 0;
		};
		AA2B544C1987461200E0E6CD /* Frameworks */ = {
			isa = PBXFrameworksBuildPhase;
			buildActionMask = 2147483647;
			files = (
			);
			runOnlyForDeploymentPostprocessing = 0;
		};
/* End PBXFrameworksBuildPhase section */

/* Begin PBXGroup section */
		AA2B54341987461100E0E6CD = {
			isa = PBXGroup;
			children = (
				AA2B543F1987461200E0E6CD /* NSButton */,
				AA2B54521987461200E0E6CD /* NSButtonTests */,
				AA2B543E1987461200E0E6CD /* Products */,
			);
			sourceTree = "<group>";
		};
		AA2B543E1987461200E0E6CD /* Products */ = {
			isa = PBXGroup;
			children = (
				AA2B543D1987461200E0E6CD /* NSButton.app */,
				AA2B544F1987461200E0E6CD /* NSButtonTests.xctest */,
			);
			name = Products;
			sourceTree = "<group>";
		};
		AA2B543F1987461200E0E6CD /* NSButton */ = {
			isa = PBXGroup;
			children = (
				AA2B54441987461200E0E6CD /* AppDelegate.swift */,
				AA2B54461987461200E0E6CD /* Images.xcassets */,
				AA2B54481987461200E0E6CD /* MainMenu.xib */,
				AA2B54401987461200E0E6CD /* Supporting Files */,
			);
			path = NSButton;
			sourceTree = "<group>";
		};
		AA2B54401987461200E0E6CD /* Supporting Files */ = {
			isa = PBXGroup;
			children = (
				AA2B54411987461200E0E6CD /* Info.plist */,
				AA2B54421987461200E0E6CD /* main.swift */,
			);
			name = "Supporting Files";
			sourceTree = "<group>";
		};
		AA2B54521987461200E0E6CD /* NSButtonTests */ = {
			isa = PBXGroup;
			children = (
				AA2B54551987461200E0E6CD /* NSButtonTests.swift */,
				AA2B54531987461200E0E6CD /* Supporting Files */,
			);
			path = NSButtonTests;
			sourceTree = "<group>";
		};
		AA2B54531987461200E0E6CD /* Supporting Files */ = {
			isa = PBXGroup;
			children = (
				AA2B54541987461200E0E6CD /* Info.plist */,
			);
			name = "Supporting Files";
			sourceTree = "<group>";
		};
/* End PBXGroup section */

/* Begin PBXNativeTarget section */
		AA2B543C1987461200E0E6CD /* NSButton */ = {
			isa = PBXNativeTarget;
			buildConfigurationList = AA2B54591987461200E0E6CD /* Build configuration list for PBXNativeTarget "NSButton" */;
			buildPhases = (
				AA2B54391987461200E0E6CD /* Sources */,
				AA2B543A1987461200E0E6CD /* Frameworks */,
				AA2B543B1987461200E0E6CD /* Resources */,
			);
			buildRules = (
			);
			dependencies = (
			);
			name = NSButton;
			productName = NSButton;
			productReference = AA2B543D1987461200E0E6CD /* NSButton.app */;
			productType = "com.apple.product-type.application";
		};
		AA2B544E1987461200E0E6CD /* NSButtonTests */ = {
			isa = PBXNativeTarget;
			buildConfigurationList = AA2B545C1987461200E0E6CD /* Build configuration list for PBXNativeTarget "NSButtonTests" */;
			buildPhases = (
				AA2B544B1987461200E0E6CD /* Sources */,
				AA2B544C1987461200E0E6CD /* Frameworks */,
				AA2B544D1987461200E0E6CD /* Resources */,
			);
			buildRules = (
			);
			dependencies = (
				AA2B54511987461200E0E6CD /* PBXTargetDependency */,
			);
			name = NSButtonTests;
			productName = NSButtonTests;
			productReference = AA2B544F1987461200E0E6CD /* NSButtonTests.xctest */;
			productType = "com.apple.product-type.bundle.unit-test";
		};
/* End PBXNativeTarget section */

/* Begin PBXProject section */
		AA2B54351987461200E0E6CD /* Project object */ = {
			isa = PBXProject;
			attributes = {
				LastUpgradeCheck = 0600;
				ORGANIZATIONNAME = "Ethan Sherr";
				TargetAttributes = {
					AA2B543C1987461200E0E6CD = {
						CreatedOnToolsVersion = 6.0;
					};
					AA2B544E1987461200E0E6CD = {
						CreatedOnToolsVersion = 6.0;
						TestTargetID = AA2B543C1987461200E0E6CD;
					};
				};
			};
			buildConfigurationList = AA2B54381987461200E0E6CD /* Build configuration list for PBXProject "NSButton" */;
			compatibilityVersion = "Xcode 3.2";
			developmentRegion = English;
			hasScannedForEncodings = 0;
			knownRegions = (
				en,
				Base,
			);
			mainGroup = AA2B54341987461100E0E6CD;
			productRefGroup = AA2B543E1987461200E0E6CD /* Products */;
			projectDirPath = "";
			projectRoot = "";
			targets = (
				AA2B543C1987461200E0E6CD /* NSButton */,
				AA2B544E1987461200E0E6CD /* NSButtonTests */,
			);
		};
/* End PBXProject section */

/* Begin PBXResourcesBuildPhase section */
		AA2B543B1987461200E0E6CD /* Resources */ = {
			isa = PBXResourcesBuildPhase;
			buildActionMask = 2147483647;
			files = (
				AA2B54471987461200E0E6CD /* Images.xcassets in Resources */,
				AA2B544A1987461200E0E6CD /* MainMenu.xib in Resources */,
			);
			runOnlyForDeploymentPostprocessing = 0;
		};
		AA2B544D1987461200E0E6CD /* Resources */ = {
			isa = PBXResourcesBuildPhase;
			buildActionMask = 2147483647;
			files = (
			);
			runOnlyForDeploymentPostprocessing = 0;
		};
/* End PBXResourcesBuildPhase section */

/* Begin PBXSourcesBuildPhase section */
		AA2B54391987461200E0E6CD /* Sources */ = {
			isa = PBXSourcesBuildPhase;
			buildActionMask = 2147483647;
			files = (
				AA2B54451987461200E0E6CD /* AppDelegate.swift in Sources */,
				AA2B54431987461200E0E6CD /* main.swift in Sources */,
			);
			runOnlyForDeploymentPostprocessing = 0;
		};
		AA2B544B1987461200E0E6CD /* Sources */ = {
			isa = PBXSourcesBuildPhase;
			buildActionMask = 2147483647;
			files = (
				AA2B54561987461200E0E6CD /* NSButtonTests.swift in Sources */,
			);
			runOnlyForDeploymentPostprocessing = 0;
		};
/* End PBXSourcesBuildPhase section */

/* Begin PBXTargetDependency section */
		AA2B54511987461200E0E6CD /* PBXTargetDependency */ = {
			isa = PBXTargetDependency;
			target = AA2B543C1987461200E0E6CD /* NSButton */;
			targetProxy = AA2B54501987461200E0E6CD /* PBXContainerItemProxy */;
		};
/* End PBXTargetDependency section */

/* Begin PBXVariantGroup section */
		AA2B54481987461200E0E6CD /* MainMenu.xib */ = {
			isa = PBXVariantGroup;
			children = (
				AA2B54491987461200E0E6CD /* Base */,
			);
			name = MainMenu.xib;
			sourceTree = "<group>";
		};
/* End PBXVariantGroup section */

/* Begin XCBuildConfiguration section */
		AA2B54571987461200E0E6CD /* Debug */ = {
			isa = XCBuildConfiguration;
			buildSettings = {
				ALWAYS_SEARCH_USER_PATHS = NO;
				CLANG_CXX_LANGUAGE_STANDARD = "gnu++0x";
				CLANG_CXX_LIBRARY = "libc++";
				CLANG_ENABLE_MODULES = YES;
				CLANG_ENABLE_OBJC_ARC = YES;
				CLANG_WARN_BOOL_CONVERSION = YES;
				CLANG_WARN_CONSTANT_CONVERSION = YES;
				CLANG_WARN_DIRECT_OBJC_ISA_USAGE = YES_ERROR;
				CLANG_WARN_EMPTY_BODY = YES;
				CLANG_WARN_ENUM_CONVERSION = YES;
				CLANG_WARN_INT_CONVERSION = YES;
				CLANG_WARN_OBJC_ROOT_CLASS = YES_ERROR;
				CLANG_WARN_UNREACHABLE_CODE = YES;
				CLANG_WARN__DUPLICATE_METHOD_MATCH = YES;
				CODE_SIGN_IDENTITY = "-";
				COPY_PHASE_STRIP = NO;
				ENABLE_STRICT_OBJC_MSGSEND = YES;
				GCC_C_LANGUAGE_STANDARD = gnu99;
				GCC_DYNAMIC_NO_PIC = NO;
				GCC_OPTIMIZATION_LEVEL = 0;
				GCC_PREPROCESSOR_DEFINITIONS = (
					"DEBUG=1",
					"$(inherited)",
				);
				GCC_SYMBOLS_PRIVATE_EXTERN = NO;
				GCC_WARN_64_TO_32_BIT_CONVERSION = YES;
				GCC_WARN_ABOUT_RETURN_TYPE = YES_ERROR;
				GCC_WARN_UNDECLARED_SELECTOR = YES;
				GCC_WARN_UNINITIALIZED_AUTOS = YES_AGGRESSIVE;
				GCC_WARN_UNUSED_FUNCTION = YES;
				GCC_WARN_UNUSED_VARIABLE = YES;
				MACOSX_DEPLOYMENT_TARGET = 10.9;
				MTL_ENABLE_DEBUG_INFO = YES;
				ONLY_ACTIVE_ARCH = YES;
				SDKROOT = macosx;
				SWIFT_OPTIMIZATION_LEVEL = "-Onone";
			};
			name = Debug;
		};
		AA2B54581987461200E0E6CD /* Release */ = {
			isa = XCBuildConfiguration;
			buildSettings = {
				ALWAYS_SEARCH_USER_PATHS = NO;
				CLANG_CXX_LANGUAGE_STANDARD = "gnu++0x";
				CLANG_CXX_LIBRARY = "libc++";
				CLANG_ENABLE_MODULES = YES;
				CLANG_ENABLE_OBJC_ARC = YES;
				CLANG_WARN_BOOL_CONVERSION = YES;
				CLANG_WARN_CONSTANT_CONVERSION = YES;
				CLANG_WARN_DIRECT_OBJC_ISA_USAGE = YES_ERROR;
				CLANG_WARN_EMPTY_BODY = YES;
				CLANG_WARN_ENUM_CONVERSION = YES;
				CLANG_WARN_INT_CONVERSION = YES;
				CLANG_WARN_OBJC_ROOT_CLASS = YES_ERROR;
				CLANG_WARN_UNREACHABLE_CODE = YES;
				CLANG_WARN__DUPLICATE_METHOD_MATCH = YES;
				CODE_SIGN_IDENTITY = "-";
				COPY_PHASE_STRIP = YES;
				DEBUG_INFORMATION_FORMAT = "dwarf-with-dsym";
				ENABLE_NS_ASSERTIONS = NO;
				ENABLE_STRICT_OBJC_MSGSEND = YES;
				GCC_C_LANGUAGE_STANDARD = gnu99;
				GCC_WARN_64_TO_32_BIT_CONVERSION = YES;
				GCC_WARN_ABOUT_RETURN_TYPE = YES_ERROR;
				GCC_WARN_UNDECLARED_SELECTOR = YES;
				GCC_WARN_UNINITIALIZED_AUTOS = YES_AGGRESSIVE;
				GCC_WARN_UNUSED_FUNCTION = YES;
				GCC_WARN_UNUSED_VARIABLE = YES;
				MACOSX_DEPLOYMENT_TARGET = 10.9;
				MTL_ENABLE_DEBUG_INFO = NO;
				SDKROOT = macosx;
			};
			name = Release;
		};
		AA2B545A1987461200E0E6CD /* Debug */ = {
			isa = XCBuildConfiguration;
			buildSettings = {
				ASSETCATALOG_COMPILER_APPICON_NAME = AppIcon;
				COMBINE_HIDPI_IMAGES = YES;
				INFOPLIST_FILE = NSButton/Info.plist;
				LD_RUNPATH_SEARCH_PATHS = "$(inherited) @executable_path/../Frameworks";
				PRODUCT_NAME = "$(TARGET_NAME)";
			};
			name = Debug;
		};
		AA2B545B1987461200E0E6CD /* Release */ = {
			isa = XCBuildConfiguration;
			buildSettings = {
				ASSETCATALOG_COMPILER_APPICON_NAME = AppIcon;
				COMBINE_HIDPI_IMAGES = YES;
				INFOPLIST_FILE = NSButton/Info.plist;
				LD_RUNPATH_SEARCH_PATHS = "$(inherited) @executable_path/../Frameworks";
				PRODUCT_NAME = "$(TARGET_NAME)";
			};
			name = Release;
		};
		AA2B545D1987461200E0E6CD /* Debug */ = {
			isa = XCBuildConfiguration;
			buildSettings = {
				BUNDLE_LOADER = "$(BUILT_PRODUCTS_DIR)/NSButton.app/Contents/MacOS/NSButton";
				COMBINE_HIDPI_IMAGES = YES;
				FRAMEWORK_SEARCH_PATHS = (
					"$(DEVELOPER_FRAMEWORKS_DIR)",
					"$(inherited)",
				);
				GCC_PREPROCESSOR_DEFINITIONS = (
					"DEBUG=1",
					"$(inherited)",
				);
				INFOPLIST_FILE = NSButtonTests/Info.plist;
				LD_RUNPATH_SEARCH_PATHS = "$(inherited) @executable_path/../Frameworks @loader_path/../Frameworks";
				PRODUCT_NAME = "$(TARGET_NAME)";
				TEST_HOST = "$(BUNDLE_LOADER)";
			};
			name = Debug;
		};
		AA2B545E1987461200E0E6CD /* Release */ = {
			isa = XCBuildConfiguration;
			buildSettings = {
				BUNDLE_LOADER = "$(BUILT_PRODUCTS_DIR)/NSButton.app/Contents/MacOS/NSButton";
				COMBINE_HIDPI_IMAGES = YES;
				FRAMEWORK_SEARCH_PATHS = (
					"$(DEVELOPER_FRAMEWORKS_DIR)",
					"$(inherited)",
				);
				INFOPLIST_FILE = NSButtonTests/Info.plist;
				LD_RUNPATH_SEARCH_PATHS = "$(inherited) @executable_path/../Frameworks @loader_path/../Frameworks";
				PRODUCT_NAME = "$(TARGET_NAME)";
				TEST_HOST = "$(BUNDLE_LOADER)";
			};
			name = Release;
		};
/* End XCBuildConfiguration section */

/* Begin XCConfigurationList section */
		AA2B54381987461200E0E6CD /* Build configuration list for PBXProject "NSButton" */ = {
			isa = XCConfigurationList;
			buildConfigurations = (
				AA2B54571987461200E0E6CD /* Debug */,
				AA2B54581987461200E0E6CD /* Release */,
			);
			defaultConfigurationIsVisible = 0;
			defaultConfigurationName = Release;
		};
		AA2B54591987461200E0E6CD /* Build configuration list for PBXNativeTarget "NSButton" */ = {
			isa = XCConfigurationList;
			buildConfigurations = (
				AA2B545A1987461200E0E6CD /* Debug */,
				AA2B545B1987461200E0E6CD /* Release */,
			);
			defaultConfigurationIsVisible = 0;
		};
		AA2B545C1987461200E0E6CD /* Build configuration list for PBXNativeTarget "NSButtonTests" */ = {
			isa = XCConfigurationList;
			buildConfigurations = (
				AA2B545D1987461200E0E6CD /* Debug */,
				AA2B545E1987461200E0E6CD /* Release */,
			);
			defaultConfigurationIsVisible = 0;
		};
/* End XCConfigurationList section */
	};
	rootObject = AA2B54351987461200E0E6CD /* Project object */;
}
