// !$*UTF8*$!
{
	archiveVersion = 1;
	classes = {
	};
	objectVersion = 46;
	objects = {

/* Begin PBXBuildFile section */
		92046F21F7524377BE2DA8DE /* libPods.a in Frameworks */ = {isa = PBXBuildFile; fileRef = 81CC4E4F31BF44CAB751BD14 /* libPods.a */; };
		AA038FD01985FF58003ED7E4 /* SWComposeBarView.swift in Sources */ = {isa = PBXBuildFile; fileRef = AA038FCF1985FF58003ED7E4 /* SWComposeBarView.swift */; };
		AA23134719858F6500002719 /* SWMessagesLayout.swift in Sources */ = {isa = PBXBuildFile; fileRef = AA23134619858F6500002719 /* SWMessagesLayout.swift */; };
		AA2313491985B4A800002719 /* SWAddChannelCell.swift in Sources */ = {isa = PBXBuildFile; fileRef = AA2313481985B4A800002719 /* SWAddChannelCell.swift */; };
		AA3B8D5D1981A4DC00F4D3CC /* Main.storyboard in Resources */ = {isa = PBXBuildFile; fileRef = AA3B8D5C1981A4DC00F4D3CC /* Main.storyboard */; };
		AA3B8D5F1981A55100F4D3CC /* SWChannelsViewController.swift in Sources */ = {isa = PBXBuildFile; fileRef = AA3B8D5E1981A55100F4D3CC /* SWChannelsViewController.swift */; };
		AA3B8D621981A75900F4D3CC /* SWAuthViewController.swift in Sources */ = {isa = PBXBuildFile; fileRef = AA3B8D611981A75900F4D3CC /* SWAuthViewController.swift */; };
		AA3B8D641981ADAD00F4D3CC /* Constants.swift in Sources */ = {isa = PBXBuildFile; fileRef = AA3B8D631981ADAD00F4D3CC /* Constants.swift */; };
		AA3B8D661981B01F00F4D3CC /* CFNetwork.framework in Frameworks */ = {isa = PBXBuildFile; fileRef = AA3B8D651981B01E00F4D3CC /* CFNetwork.framework */; };
		AA3B8D681981B17900F4D3CC /* Foundation.framework in Frameworks */ = {isa = PBXBuildFile; fileRef = AA3B8D671981B17900F4D3CC /* Foundation.framework */; };
		AA4013121982DB0600C6853D /* SWChannelCell.swift in Sources */ = {isa = PBXBuildFile; fileRef = AA4013111982DB0600C6853D /* SWChannelCell.swift */; };
		AA9B7A731982058700C17494 /* Accounts.framework in Frameworks */ = {isa = PBXBuildFile; fileRef = AA9B7A721982058700C17494 /* Accounts.framework */; };
		AA9B7A751982059700C17494 /* Social.framework in Frameworks */ = {isa = PBXBuildFile; fileRef = AA9B7A741982059700C17494 /* Social.framework */; };
		AA9B7A791982356A00C17494 /* FirebaseSimpleLogin.framework in Frameworks */ = {isa = PBXBuildFile; fileRef = AA9B7A781982356A00C17494 /* FirebaseSimpleLogin.framework */; };
		AAC79F0B1982F8BE005961D1 /* Extension.swift in Sources */ = {isa = PBXBuildFile; fileRef = AAC79F0A1982F8BE005961D1 /* Extension.swift */; };
		AAC79F0D198375CA005961D1 /* SWMessageModel.swift in Sources */ = {isa = PBXBuildFile; fileRef = AAC79F0C198375CA005961D1 /* SWMessageModel.swift */; };
		AAC79F0F1983767D005961D1 /* SWInceptionCell.swift in Sources */ = {isa = PBXBuildFile; fileRef = AAC79F0E1983767D005961D1 /* SWInceptionCell.swift */; };
		AAC79F1119837DFB005961D1 /* SWChannelsLayout.swift in Sources */ = {isa = PBXBuildFile; fileRef = AAC79F1019837DFB005961D1 /* SWChannelsLayout.swift */; };
		AACEBC0A19819F0500DD2F78 /* AppDelegate.swift in Sources */ = {isa = PBXBuildFile; fileRef = AACEBC0919819F0500DD2F78 /* AppDelegate.swift */; };
		AACEBC0C19819F0500DD2F78 /* Images.xcassets in Resources */ = {isa = PBXBuildFile; fileRef = AACEBC0B19819F0500DD2F78 /* Images.xcassets */; };
		AACEBC1819819F0600DD2F78 /* ShortwaveTests.swift in Sources */ = {isa = PBXBuildFile; fileRef = AACEBC1719819F0600DD2F78 /* ShortwaveTests.swift */; };
		AAD651D71981C86200BA0127 /* SWChannelModel.swift in Sources */ = {isa = PBXBuildFile; fileRef = AAD651D61981C86200BA0127 /* SWChannelModel.swift */; };
		AAFE875C1984AAAF004AD3BA /* MessageCell.m in Sources */ = {isa = PBXBuildFile; fileRef = AAFE87531984AAAF004AD3BA /* MessageCell.m */; };
		AAFE875D1984AAAF004AD3BA /* MessageGif.m in Sources */ = {isa = PBXBuildFile; fileRef = AAFE87551984AAAF004AD3BA /* MessageGif.m */; };
		AAFE875E1984AAAF004AD3BA /* MessageImage.m in Sources */ = {isa = PBXBuildFile; fileRef = AAFE87571984AAAF004AD3BA /* MessageImage.m */; };
		AAFE875F1984AAAF004AD3BA /* MessageModel.m in Sources */ = {isa = PBXBuildFile; fileRef = AAFE87591984AAAF004AD3BA /* MessageModel.m */; };
		AAFE87601984AAAF004AD3BA /* MessageSpotifyTrack.m in Sources */ = {isa = PBXBuildFile; fileRef = AAFE875B1984AAAF004AD3BA /* MessageSpotifyTrack.m */; };
/* End PBXBuildFile section */

/* Begin PBXContainerItemProxy section */
		AACEBC1219819F0600DD2F78 /* PBXContainerItemProxy */ = {
			isa = PBXContainerItemProxy;
			containerPortal = AACEBBFC19819F0400DD2F78 /* Project object */;
			proxyType = 1;
			remoteGlobalIDString = AACEBC0319819F0500DD2F78;
			remoteInfo = Shortwave;
		};
/* End PBXContainerItemProxy section */

/* Begin PBXFileReference section */
		67D21E5CA03A4AFF95784C68 /* Pods.xcconfig */ = {isa = PBXFileReference; includeInIndex = 1; lastKnownFileType = text.xcconfig; name = Pods.xcconfig; path = Pods/Pods.xcconfig; sourceTree = "<group>"; };
		81CC4E4F31BF44CAB751BD14 /* libPods.a */ = {isa = PBXFileReference; explicitFileType = archive.ar; includeInIndex = 0; path = libPods.a; sourceTree = BUILT_PRODUCTS_DIR; };
		AA038FCF1985FF58003ED7E4 /* SWComposeBarView.swift */ = {isa = PBXFileReference; fileEncoding = 4; lastKnownFileType = sourcecode.swift; path = SWComposeBarView.swift; sourceTree = "<group>"; };
		AA23134619858F6500002719 /* SWMessagesLayout.swift */ = {isa = PBXFileReference; fileEncoding = 4; lastKnownFileType = sourcecode.swift; path = SWMessagesLayout.swift; sourceTree = "<group>"; };
		AA2313481985B4A800002719 /* SWAddChannelCell.swift */ = {isa = PBXFileReference; fileEncoding = 4; lastKnownFileType = sourcecode.swift; path = SWAddChannelCell.swift; sourceTree = "<group>"; };
		AA2B545F19874C4E00E0E6CD /* MyPlayground.playground */ = {isa = PBXFileReference; lastKnownFileType = file.playground; name = MyPlayground.playground; path = Shortwave/MyPlayground.playground; sourceTree = "<group>"; };
		AA3B8D591981A46C00F4D3CC /* Shortwave-Bridging-Header.h */ = {isa = PBXFileReference; lastKnownFileType = sourcecode.c.h; path = "Shortwave-Bridging-Header.h"; sourceTree = "<group>"; };
		AA3B8D5C1981A4DC00F4D3CC /* Main.storyboard */ = {isa = PBXFileReference; fileEncoding = 4; lastKnownFileType = file.storyboard; path = Main.storyboard; sourceTree = "<group>"; };
		AA3B8D5E1981A55100F4D3CC /* SWChannelsViewController.swift */ = {isa = PBXFileReference; fileEncoding = 4; lastKnownFileType = sourcecode.swift; path = SWChannelsViewController.swift; sourceTree = "<group>"; };
		AA3B8D611981A75900F4D3CC /* SWAuthViewController.swift */ = {isa = PBXFileReference; fileEncoding = 4; lastKnownFileType = sourcecode.swift; path = SWAuthViewController.swift; sourceTree = "<group>"; };
		AA3B8D631981ADAD00F4D3CC /* Constants.swift */ = {isa = PBXFileReference; fileEncoding = 4; lastKnownFileType = sourcecode.swift; path = Constants.swift; sourceTree = "<group>"; };
		AA3B8D651981B01E00F4D3CC /* CFNetwork.framework */ = {isa = PBXFileReference; lastKnownFileType = wrapper.framework; name = CFNetwork.framework; path = System/Library/Frameworks/CFNetwork.framework; sourceTree = SDKROOT; };
		AA3B8D671981B17900F4D3CC /* Foundation.framework */ = {isa = PBXFileReference; lastKnownFileType = wrapper.framework; name = Foundation.framework; path = System/Library/Frameworks/Foundation.framework; sourceTree = SDKROOT; };
		AA4013111982DB0600C6853D /* SWChannelCell.swift */ = {isa = PBXFileReference; fileEncoding = 4; lastKnownFileType = sourcecode.swift; path = SWChannelCell.swift; sourceTree = "<group>"; };
		AA9B7A721982058700C17494 /* Accounts.framework */ = {isa = PBXFileReference; lastKnownFileType = wrapper.framework; name = Accounts.framework; path = System/Library/Frameworks/Accounts.framework; sourceTree = SDKROOT; };
		AA9B7A741982059700C17494 /* Social.framework */ = {isa = PBXFileReference; lastKnownFileType = wrapper.framework; name = Social.framework; path = System/Library/Frameworks/Social.framework; sourceTree = SDKROOT; };
		AA9B7A781982356A00C17494 /* FirebaseSimpleLogin.framework */ = {isa = PBXFileReference; lastKnownFileType = wrapper.framework; path = FirebaseSimpleLogin.framework; sourceTree = "<group>"; };
		AAC79F0A1982F8BE005961D1 /* Extension.swift */ = {isa = PBXFileReference; fileEncoding = 4; lastKnownFileType = sourcecode.swift; path = Extension.swift; sourceTree = "<group>"; };
		AAC79F0C198375CA005961D1 /* SWMessageModel.swift */ = {isa = PBXFileReference; fileEncoding = 4; lastKnownFileType = sourcecode.swift; path = SWMessageModel.swift; sourceTree = "<group>"; };
		AAC79F0E1983767D005961D1 /* SWInceptionCell.swift */ = {isa = PBXFileReference; fileEncoding = 4; lastKnownFileType = sourcecode.swift; path = SWInceptionCell.swift; sourceTree = "<group>"; };
		AAC79F1019837DFB005961D1 /* SWChannelsLayout.swift */ = {isa = PBXFileReference; fileEncoding = 4; lastKnownFileType = sourcecode.swift; path = SWChannelsLayout.swift; sourceTree = "<group>"; };
		AACEBC0419819F0500DD2F78 /* Shortwave.app */ = {isa = PBXFileReference; explicitFileType = wrapper.application; includeInIndex = 0; path = Shortwave.app; sourceTree = BUILT_PRODUCTS_DIR; };
		AACEBC0819819F0500DD2F78 /* Info.plist */ = {isa = PBXFileReference; lastKnownFileType = text.plist.xml; path = Info.plist; sourceTree = "<group>"; };
		AACEBC0919819F0500DD2F78 /* AppDelegate.swift */ = {isa = PBXFileReference; lastKnownFileType = sourcecode.swift; path = AppDelegate.swift; sourceTree = "<group>"; };
		AACEBC0B19819F0500DD2F78 /* Images.xcassets */ = {isa = PBXFileReference; lastKnownFileType = folder.assetcatalog; path = Images.xcassets; sourceTree = "<group>"; };
		AACEBC1119819F0600DD2F78 /* ShortwaveTests.xctest */ = {isa = PBXFileReference; explicitFileType = wrapper.cfbundle; includeInIndex = 0; path = ShortwaveTests.xctest; sourceTree = BUILT_PRODUCTS_DIR; };
		AACEBC1619819F0600DD2F78 /* Info.plist */ = {isa = PBXFileReference; lastKnownFileType = text.plist.xml; path = Info.plist; sourceTree = "<group>"; };
		AACEBC1719819F0600DD2F78 /* ShortwaveTests.swift */ = {isa = PBXFileReference; lastKnownFileType = sourcecode.swift; path = ShortwaveTests.swift; sourceTree = "<group>"; };
		AAD651D61981C86200BA0127 /* SWChannelModel.swift */ = {isa = PBXFileReference; fileEncoding = 4; lastKnownFileType = sourcecode.swift; path = SWChannelModel.swift; sourceTree = "<group>"; };
		AAFE87521984AAAF004AD3BA /* MessageCell.h */ = {isa = PBXFileReference; fileEncoding = 4; lastKnownFileType = sourcecode.c.h; path = MessageCell.h; sourceTree = "<group>"; };
		AAFE87531984AAAF004AD3BA /* MessageCell.m */ = {isa = PBXFileReference; fileEncoding = 4; lastKnownFileType = sourcecode.c.objc; path = MessageCell.m; sourceTree = "<group>"; };
		AAFE87541984AAAF004AD3BA /* MessageGif.h */ = {isa = PBXFileReference; fileEncoding = 4; lastKnownFileType = sourcecode.c.h; path = MessageGif.h; sourceTree = "<group>"; };
		AAFE87551984AAAF004AD3BA /* MessageGif.m */ = {isa = PBXFileReference; fileEncoding = 4; lastKnownFileType = sourcecode.c.objc; path = MessageGif.m; sourceTree = "<group>"; };
		AAFE87561984AAAF004AD3BA /* MessageImage.h */ = {isa = PBXFileReference; fileEncoding = 4; lastKnownFileType = sourcecode.c.h; path = MessageImage.h; sourceTree = "<group>"; };
		AAFE87571984AAAF004AD3BA /* MessageImage.m */ = {isa = PBXFileReference; fileEncoding = 4; lastKnownFileType = sourcecode.c.objc; path = MessageImage.m; sourceTree = "<group>"; };
		AAFE87581984AAAF004AD3BA /* MessageModel.h */ = {isa = PBXFileReference; fileEncoding = 4; lastKnownFileType = sourcecode.c.h; path = MessageModel.h; sourceTree = "<group>"; };
		AAFE87591984AAAF004AD3BA /* MessageModel.m */ = {isa = PBXFileReference; fileEncoding = 4; lastKnownFileType = sourcecode.c.objc; path = MessageModel.m; sourceTree = "<group>"; };
		AAFE875A1984AAAF004AD3BA /* MessageSpotifyTrack.h */ = {isa = PBXFileReference; fileEncoding = 4; lastKnownFileType = sourcecode.c.h; path = MessageSpotifyTrack.h; sourceTree = "<group>"; };
		AAFE875B1984AAAF004AD3BA /* MessageSpotifyTrack.m */ = {isa = PBXFileReference; fileEncoding = 4; lastKnownFileType = sourcecode.c.objc; path = MessageSpotifyTrack.m; sourceTree = "<group>"; };
/* End PBXFileReference section */

/* Begin PBXFrameworksBuildPhase section */
		AACEBC0119819F0500DD2F78 /* Frameworks */ = {
			isa = PBXFrameworksBuildPhase;
			buildActionMask = 2147483647;
			files = (
				AA9B7A751982059700C17494 /* Social.framework in Frameworks */,
				AA9B7A791982356A00C17494 /* FirebaseSimpleLogin.framework in Frameworks */,
				AA9B7A731982058700C17494 /* Accounts.framework in Frameworks */,
				AA3B8D661981B01F00F4D3CC /* CFNetwork.framework in Frameworks */,
				AA3B8D681981B17900F4D3CC /* Foundation.framework in Frameworks */,
				92046F21F7524377BE2DA8DE /* libPods.a in Frameworks */,
			);
			runOnlyForDeploymentPostprocessing = 0;
		};
		AACEBC0E19819F0600DD2F78 /* Frameworks */ = {
			isa = PBXFrameworksBuildPhase;
			buildActionMask = 2147483647;
			files = (
			);
			runOnlyForDeploymentPostprocessing = 0;
		};
/* End PBXFrameworksBuildPhase section */

/* Begin PBXGroup section */
		60BD743EE2294589A6862653 /* Frameworks */ = {
			isa = PBXGroup;
			children = (
				AA9B7A781982356A00C17494 /* FirebaseSimpleLogin.framework */,
				AA9B7A741982059700C17494 /* Social.framework */,
				AA9B7A721982058700C17494 /* Accounts.framework */,
				AA3B8D671981B17900F4D3CC /* Foundation.framework */,
				AA3B8D651981B01E00F4D3CC /* CFNetwork.framework */,
				81CC4E4F31BF44CAB751BD14 /* libPods.a */,
			);
			name = Frameworks;
			sourceTree = "<group>";
		};
		AA3B8D601981A55E00F4D3CC /* viewcontrollers */ = {
			isa = PBXGroup;
			children = (
				AA3B8D611981A75900F4D3CC /* SWAuthViewController.swift */,
				AA3B8D5E1981A55100F4D3CC /* SWChannelsViewController.swift */,
				AAC79F1019837DFB005961D1 /* SWChannelsLayout.swift */,
				AA23134619858F6500002719 /* SWMessagesLayout.swift */,
			);
			name = viewcontrollers;
			sourceTree = "<group>";
		};
		AA4013101982DAF900C6853D /* view */ = {
			isa = PBXGroup;
			children = (
				AA4013111982DB0600C6853D /* SWChannelCell.swift */,
				AAC79F0E1983767D005961D1 /* SWInceptionCell.swift */,
				AA2313481985B4A800002719 /* SWAddChannelCell.swift */,
				AA038FCF1985FF58003ED7E4 /* SWComposeBarView.swift */,
			);
			name = view;
			sourceTree = "<group>";
		};
		AAC79F091982F8AF005961D1 /* extension */ = {
			isa = PBXGroup;
			children = (
				AAC79F0A1982F8BE005961D1 /* Extension.swift */,
			);
			name = extension;
			sourceTree = "<group>";
		};
		AACEBBFB19819F0400DD2F78 = {
			isa = PBXGroup;
			children = (
				AA2B545F19874C4E00E0E6CD /* MyPlayground.playground */,
				AACEBC0619819F0500DD2F78 /* Shortwave */,
				AACEBC1419819F0600DD2F78 /* ShortwaveTests */,
				AACEBC0519819F0500DD2F78 /* Products */,
				67D21E5CA03A4AFF95784C68 /* Pods.xcconfig */,
				60BD743EE2294589A6862653 /* Frameworks */,
			);
			sourceTree = "<group>";
		};
		AACEBC0519819F0500DD2F78 /* Products */ = {
			isa = PBXGroup;
			children = (
				AACEBC0419819F0500DD2F78 /* Shortwave.app */,
				AACEBC1119819F0600DD2F78 /* ShortwaveTests.xctest */,
			);
			name = Products;
			sourceTree = "<group>";
		};
		AACEBC0619819F0500DD2F78 /* Shortwave */ = {
			isa = PBXGroup;
			children = (
				AAC79F091982F8AF005961D1 /* extension */,
				AA4013101982DAF900C6853D /* view */,
				AAD651D81981C87D00BA0127 /* model */,
				AA3B8D601981A55E00F4D3CC /* viewcontrollers */,
				AACEBC0919819F0500DD2F78 /* AppDelegate.swift */,
				AA3B8D631981ADAD00F4D3CC /* Constants.swift */,
				AA3B8D5C1981A4DC00F4D3CC /* Main.storyboard */,
				AACEBC0B19819F0500DD2F78 /* Images.xcassets */,
				AACEBC0719819F0500DD2F78 /* Supporting Files */,
			);
			path = Shortwave;
			sourceTree = "<group>";
		};
		AACEBC0719819F0500DD2F78 /* Supporting Files */ = {
			isa = PBXGroup;
			children = (
				AA3B8D591981A46C00F4D3CC /* Shortwave-Bridging-Header.h */,
				AACEBC0819819F0500DD2F78 /* Info.plist */,
			);
			name = "Supporting Files";
			sourceTree = "<group>";
		};
		AACEBC1419819F0600DD2F78 /* ShortwaveTests */ = {
			isa = PBXGroup;
			children = (
				AACEBC1719819F0600DD2F78 /* ShortwaveTests.swift */,
				AACEBC1519819F0600DD2F78 /* Supporting Files */,
			);
			path = ShortwaveTests;
			sourceTree = "<group>";
		};
		AACEBC1519819F0600DD2F78 /* Supporting Files */ = {
			isa = PBXGroup;
			children = (
				AACEBC1619819F0600DD2F78 /* Info.plist */,
			);
			name = "Supporting Files";
			sourceTree = "<group>";
		};
		AAD651D81981C87D00BA0127 /* model */ = {
			isa = PBXGroup;
			children = (
				AAFE87611984AE17004AD3BA /* old message stuff */,
				AAD651D61981C86200BA0127 /* SWChannelModel.swift */,
				AAC79F0C198375CA005961D1 /* SWMessageModel.swift */,
			);
			name = model;
			sourceTree = "<group>";
		};
		AAFE87611984AE17004AD3BA /* old message stuff */ = {
			isa = PBXGroup;
			children = (
				AAFE87521984AAAF004AD3BA /* MessageCell.h */,
				AAFE87531984AAAF004AD3BA /* MessageCell.m */,
				AAFE87541984AAAF004AD3BA /* MessageGif.h */,
				AAFE87551984AAAF004AD3BA /* MessageGif.m */,
				AAFE87561984AAAF004AD3BA /* MessageImage.h */,
				AAFE87571984AAAF004AD3BA /* MessageImage.m */,
				AAFE87581984AAAF004AD3BA /* MessageModel.h */,
				AAFE87591984AAAF004AD3BA /* MessageModel.m */,
				AAFE875A1984AAAF004AD3BA /* MessageSpotifyTrack.h */,
				AAFE875B1984AAAF004AD3BA /* MessageSpotifyTrack.m */,
			);
			name = "old message stuff";
			sourceTree = "<group>";
		};
/* End PBXGroup section */

/* Begin PBXNativeTarget section */
		AACEBC0319819F0500DD2F78 /* Shortwave */ = {
			isa = PBXNativeTarget;
			buildConfigurationList = AACEBC1B19819F0600DD2F78 /* Build configuration list for PBXNativeTarget "Shortwave" */;
			buildPhases = (
				D5182A14FB964DC099DE40E9 /* Check Pods Manifest.lock */,
				AACEBC0019819F0500DD2F78 /* Sources */,
				AACEBC0119819F0500DD2F78 /* Frameworks */,
				AACEBC0219819F0500DD2F78 /* Resources */,
				D3264F949F97474DAF859A67 /* Copy Pods Resources */,
			);
			buildRules = (
			);
			dependencies = (
			);
			name = Shortwave;
			productName = Shortwave;
			productReference = AACEBC0419819F0500DD2F78 /* Shortwave.app */;
			productType = "com.apple.product-type.application";
		};
		AACEBC1019819F0600DD2F78 /* ShortwaveTests */ = {
			isa = PBXNativeTarget;
			buildConfigurationList = AACEBC1E19819F0600DD2F78 /* Build configuration list for PBXNativeTarget "ShortwaveTests" */;
			buildPhases = (
				AACEBC0D19819F0600DD2F78 /* Sources */,
				AACEBC0E19819F0600DD2F78 /* Frameworks */,
				AACEBC0F19819F0600DD2F78 /* Resources */,
			);
			buildRules = (
			);
			dependencies = (
				AACEBC1319819F0600DD2F78 /* PBXTargetDependency */,
			);
			name = ShortwaveTests;
			productName = ShortwaveTests;
			productReference = AACEBC1119819F0600DD2F78 /* ShortwaveTests.xctest */;
			productType = "com.apple.product-type.bundle.unit-test";
		};
/* End PBXNativeTarget section */

/* Begin PBXProject section */
		AACEBBFC19819F0400DD2F78 /* Project object */ = {
			isa = PBXProject;
			attributes = {
				LastUpgradeCheck = 0600;
				ORGANIZATIONNAME = "Ethan Sherr";
				TargetAttributes = {
					AACEBC0319819F0500DD2F78 = {
						CreatedOnToolsVersion = 6.0;
					};
					AACEBC1019819F0600DD2F78 = {
						CreatedOnToolsVersion = 6.0;
						TestTargetID = AACEBC0319819F0500DD2F78;
					};
				};
			};
			buildConfigurationList = AACEBBFF19819F0400DD2F78 /* Build configuration list for PBXProject "Shortwave" */;
			compatibilityVersion = "Xcode 3.2";
			developmentRegion = English;
			hasScannedForEncodings = 0;
			knownRegions = (
				en,
			);
			mainGroup = AACEBBFB19819F0400DD2F78;
			productRefGroup = AACEBC0519819F0500DD2F78 /* Products */;
			projectDirPath = "";
			projectRoot = "";
			targets = (
				AACEBC0319819F0500DD2F78 /* Shortwave */,
				AACEBC1019819F0600DD2F78 /* ShortwaveTests */,
			);
		};
/* End PBXProject section */

/* Begin PBXResourcesBuildPhase section */
		AACEBC0219819F0500DD2F78 /* Resources */ = {
			isa = PBXResourcesBuildPhase;
			buildActionMask = 2147483647;
			files = (
				AACEBC0C19819F0500DD2F78 /* Images.xcassets in Resources */,
				AA3B8D5D1981A4DC00F4D3CC /* Main.storyboard in Resources */,
			);
			runOnlyForDeploymentPostprocessing = 0;
		};
		AACEBC0F19819F0600DD2F78 /* Resources */ = {
			isa = PBXResourcesBuildPhase;
			buildActionMask = 2147483647;
			files = (
			);
			runOnlyForDeploymentPostprocessing = 0;
		};
/* End PBXResourcesBuildPhase section */

/* Begin PBXShellScriptBuildPhase section */
		D3264F949F97474DAF859A67 /* Copy Pods Resources */ = {
			isa = PBXShellScriptBuildPhase;
			buildActionMask = 2147483647;
			files = (
			);
			inputPaths = (
			);
			name = "Copy Pods Resources";
			outputPaths = (
			);
			runOnlyForDeploymentPostprocessing = 0;
			shellPath = /bin/sh;
			shellScript = "\"${SRCROOT}/Pods/Pods-resources.sh\"\n";
			showEnvVarsInLog = 0;
		};
		D5182A14FB964DC099DE40E9 /* Check Pods Manifest.lock */ = {
			isa = PBXShellScriptBuildPhase;
			buildActionMask = 2147483647;
			files = (
			);
			inputPaths = (
			);
			name = "Check Pods Manifest.lock";
			outputPaths = (
			);
			runOnlyForDeploymentPostprocessing = 0;
			shellPath = /bin/sh;
			shellScript = "diff \"${PODS_ROOT}/../Podfile.lock\" \"${PODS_ROOT}/Manifest.lock\" > /dev/null\nif [[ $? != 0 ]] ; then\n    cat << EOM\nerror: The sandbox is not in sync with the Podfile.lock. Run 'pod install' or update your CocoaPods installation.\nEOM\n    exit 1\nfi\n";
			showEnvVarsInLog = 0;
		};
/* End PBXShellScriptBuildPhase section */

/* Begin PBXSourcesBuildPhase section */
		AACEBC0019819F0500DD2F78 /* Sources */ = {
			isa = PBXSourcesBuildPhase;
			buildActionMask = 2147483647;
			files = (
				AA3B8D5F1981A55100F4D3CC /* SWChannelsViewController.swift in Sources */,
				AA23134719858F6500002719 /* SWMessagesLayout.swift in Sources */,
				AAC79F1119837DFB005961D1 /* SWChannelsLayout.swift in Sources */,
				AAFE875E1984AAAF004AD3BA /* MessageImage.m in Sources */,
				AA3B8D621981A75900F4D3CC /* SWAuthViewController.swift in Sources */,
				AA038FD01985FF58003ED7E4 /* SWComposeBarView.swift in Sources */,
				AAC79F0B1982F8BE005961D1 /* Extension.swift in Sources */,
				AAD651D71981C86200BA0127 /* SWChannelModel.swift in Sources */,
				AA4013121982DB0600C6853D /* SWChannelCell.swift in Sources */,
				AA2313491985B4A800002719 /* SWAddChannelCell.swift in Sources */,
				AAFE875D1984AAAF004AD3BA /* MessageGif.m in Sources */,
				AACEBC0A19819F0500DD2F78 /* AppDelegate.swift in Sources */,
				AA3B8D641981ADAD00F4D3CC /* Constants.swift in Sources */,
				AAFE875C1984AAAF004AD3BA /* MessageCell.m in Sources */,
				AAC79F0F1983767D005961D1 /* SWInceptionCell.swift in Sources */,
				AAFE87601984AAAF004AD3BA /* MessageSpotifyTrack.m in Sources */,
				AAC79F0D198375CA005961D1 /* SWMessageModel.swift in Sources */,
				AAFE875F1984AAAF004AD3BA /* MessageModel.m in Sources */,
			);
			runOnlyForDeploymentPostprocessing = 0;
		};
		AACEBC0D19819F0600DD2F78 /* Sources */ = {
			isa = PBXSourcesBuildPhase;
			buildActionMask = 2147483647;
			files = (
				AACEBC1819819F0600DD2F78 /* ShortwaveTests.swift in Sources */,
			);
			runOnlyForDeploymentPostprocessing = 0;
		};
/* End PBXSourcesBuildPhase section */

/* Begin PBXTargetDependency section */
		AACEBC1319819F0600DD2F78 /* PBXTargetDependency */ = {
			isa = PBXTargetDependency;
			target = AACEBC0319819F0500DD2F78 /* Shortwave */;
			targetProxy = AACEBC1219819F0600DD2F78 /* PBXContainerItemProxy */;
		};
/* End PBXTargetDependency section */

/* Begin XCBuildConfiguration section */
		AACEBC1919819F0600DD2F78 /* Debug */ = {
			isa = XCBuildConfiguration;
			buildSettings = {
				ALWAYS_SEARCH_USER_PATHS = NO;
				CLANG_CXX_LANGUAGE_STANDARD = "gnu++0x";
				CLANG_CXX_LIBRARY = "libc++";
				CLANG_ENABLE_MODULES = YES;
				CLANG_ENABLE_OBJC_ARC = YES;
				CLANG_WARN_BOOL_CONVERSION = YES;
				CLANG_WARN_CONSTANT_CONVERSION = YES;
				CLANG_WARN_DIRECT_OBJC_ISA_USAGE = YES_ERROR;
				CLANG_WARN_EMPTY_BODY = YES;
				CLANG_WARN_ENUM_CONVERSION = YES;
				CLANG_WARN_INT_CONVERSION = YES;
				CLANG_WARN_OBJC_ROOT_CLASS = YES_ERROR;
				CLANG_WARN_UNREACHABLE_CODE = YES;
				CLANG_WARN__DUPLICATE_METHOD_MATCH = YES;
				"CODE_SIGN_IDENTITY[sdk=iphoneos*]" = "iPhone Developer";
				COPY_PHASE_STRIP = NO;
				ENABLE_STRICT_OBJC_MSGSEND = YES;
				GCC_C_LANGUAGE_STANDARD = gnu99;
				GCC_DYNAMIC_NO_PIC = NO;
				GCC_OPTIMIZATION_LEVEL = 0;
				GCC_PREPROCESSOR_DEFINITIONS = (
					"DEBUG=1",
					"$(inherited)",
				);
				GCC_SYMBOLS_PRIVATE_EXTERN = NO;
				GCC_WARN_64_TO_32_BIT_CONVERSION = YES;
				GCC_WARN_ABOUT_RETURN_TYPE = YES_ERROR;
				GCC_WARN_UNDECLARED_SELECTOR = YES;
				GCC_WARN_UNINITIALIZED_AUTOS = YES_AGGRESSIVE;
				GCC_WARN_UNUSED_FUNCTION = YES;
				GCC_WARN_UNUSED_VARIABLE = YES;
				IPHONEOS_DEPLOYMENT_TARGET = 8.0;
				METAL_ENABLE_DEBUG_INFO = YES;
				ONLY_ACTIVE_ARCH = YES;
				SDKROOT = iphoneos;
				SWIFT_OPTIMIZATION_LEVEL = "-Onone";
			};
			name = Debug;
		};
		AACEBC1A19819F0600DD2F78 /* Release */ = {
			isa = XCBuildConfiguration;
			buildSettings = {
				ALWAYS_SEARCH_USER_PATHS = NO;
				CLANG_CXX_LANGUAGE_STANDARD = "gnu++0x";
				CLANG_CXX_LIBRARY = "libc++";
				CLANG_ENABLE_MODULES = YES;
				CLANG_ENABLE_OBJC_ARC = YES;
				CLANG_WARN_BOOL_CONVERSION = YES;
				CLANG_WARN_CONSTANT_CONVERSION = YES;
				CLANG_WARN_DIRECT_OBJC_ISA_USAGE = YES_ERROR;
				CLANG_WARN_EMPTY_BODY = YES;
				CLANG_WARN_ENUM_CONVERSION = YES;
				CLANG_WARN_INT_CONVERSION = YES;
				CLANG_WARN_OBJC_ROOT_CLASS = YES_ERROR;
				CLANG_WARN_UNREACHABLE_CODE = YES;
				CLANG_WARN__DUPLICATE_METHOD_MATCH = YES;
				"CODE_SIGN_IDENTITY[sdk=iphoneos*]" = "iPhone Developer";
				COPY_PHASE_STRIP = YES;
				ENABLE_NS_ASSERTIONS = NO;
				ENABLE_STRICT_OBJC_MSGSEND = YES;
				GCC_C_LANGUAGE_STANDARD = gnu99;
				GCC_WARN_64_TO_32_BIT_CONVERSION = YES;
				GCC_WARN_ABOUT_RETURN_TYPE = YES_ERROR;
				GCC_WARN_UNDECLARED_SELECTOR = YES;
				GCC_WARN_UNINITIALIZED_AUTOS = YES_AGGRESSIVE;
				GCC_WARN_UNUSED_FUNCTION = YES;
				GCC_WARN_UNUSED_VARIABLE = YES;
				IPHONEOS_DEPLOYMENT_TARGET = 8.0;
				METAL_ENABLE_DEBUG_INFO = NO;
				SDKROOT = iphoneos;
				VALIDATE_PRODUCT = YES;
			};
			name = Release;
		};
		AACEBC1C19819F0600DD2F78 /* Debug */ = {
			isa = XCBuildConfiguration;
			baseConfigurationReference = 67D21E5CA03A4AFF95784C68 /* Pods.xcconfig */;
			buildSettings = {
				ASSETCATALOG_COMPILER_APPICON_NAME = AppIcon;
				ASSETCATALOG_COMPILER_LAUNCHIMAGE_NAME = LaunchImage;
				CLANG_ENABLE_MODULES = YES;
				FRAMEWORK_SEARCH_PATHS = (
					"$(inherited)",
					"$(PROJECT_DIR)",
				);
				INFOPLIST_FILE = Shortwave/Info.plist;
				IPHONEOS_DEPLOYMENT_TARGET = 7.0;
				LD_RUNPATH_SEARCH_PATHS = "$(inherited) @executable_path/Frameworks";
				PRODUCT_NAME = "$(TARGET_NAME)";
				SWIFT_OBJC_BRIDGING_HEADER = "Shortwave/Shortwave-Bridging-Header.h";
				SWIFT_OPTIMIZATION_LEVEL = "-Onone";
			};
			name = Debug;
		};
		AACEBC1D19819F0600DD2F78 /* Release */ = {
			isa = XCBuildConfiguration;
			baseConfigurationReference = 67D21E5CA03A4AFF95784C68 /* Pods.xcconfig */;
			buildSettings = {
				ASSETCATALOG_COMPILER_APPICON_NAME = AppIcon;
				ASSETCATALOG_COMPILER_LAUNCHIMAGE_NAME = LaunchImage;
				CLANG_ENABLE_MODULES = YES;
				FRAMEWORK_SEARCH_PATHS = (
					"$(inherited)",
					"$(PROJECT_DIR)",
				);
				INFOPLIST_FILE = Shortwave/Info.plist;
				IPHONEOS_DEPLOYMENT_TARGET = 7.0;
				LD_RUNPATH_SEARCH_PATHS = "$(inherited) @executable_path/Frameworks";
				PRODUCT_NAME = "$(TARGET_NAME)";
				SWIFT_OBJC_BRIDGING_HEADER = "Shortwave/Shortwave-Bridging-Header.h";
			};
			name = Release;
		};
		AACEBC1F19819F0600DD2F78 /* Debug */ = {
			isa = XCBuildConfiguration;
			buildSettings = {
				BUNDLE_LOADER = "$(BUILT_PRODUCTS_DIR)/Shortwave.app/Shortwave";
				FRAMEWORK_SEARCH_PATHS = (
					"$(SDKROOT)/Developer/Library/Frameworks",
					"$(inherited)",
				);
				GCC_PREPROCESSOR_DEFINITIONS = (
					"DEBUG=1",
					"$(inherited)",
				);
				INFOPLIST_FILE = ShortwaveTests/Info.plist;
				LD_RUNPATH_SEARCH_PATHS = "$(inherited) @executable_path/Frameworks @loader_path/Frameworks";
				METAL_ENABLE_DEBUG_INFO = YES;
				PRODUCT_NAME = "$(TARGET_NAME)";
				TEST_HOST = "$(BUNDLE_LOADER)";
			};
			name = Debug;
		};
		AACEBC2019819F0600DD2F78 /* Release */ = {
			isa = XCBuildConfiguration;
			buildSettings = {
				BUNDLE_LOADER = "$(BUILT_PRODUCTS_DIR)/Shortwave.app/Shortwave";
				FRAMEWORK_SEARCH_PATHS = (
					"$(SDKROOT)/Developer/Library/Frameworks",
					"$(inherited)",
				);
				INFOPLIST_FILE = ShortwaveTests/Info.plist;
				LD_RUNPATH_SEARCH_PATHS = "$(inherited) @executable_path/Frameworks @loader_path/Frameworks";
				METAL_ENABLE_DEBUG_INFO = NO;
				PRODUCT_NAME = "$(TARGET_NAME)";
				TEST_HOST = "$(BUNDLE_LOADER)";
			};
			name = Release;
		};
/* End XCBuildConfiguration section */

/* Begin XCConfigurationList section */
		AACEBBFF19819F0400DD2F78 /* Build configuration list for PBXProject "Shortwave" */ = {
			isa = XCConfigurationList;
			buildConfigurations = (
				AACEBC1919819F0600DD2F78 /* Debug */,
				AACEBC1A19819F0600DD2F78 /* Release */,
			);
			defaultConfigurationIsVisible = 0;
			defaultConfigurationName = Release;
		};
		AACEBC1B19819F0600DD2F78 /* Build configuration list for PBXNativeTarget "Shortwave" */ = {
			isa = XCConfigurationList;
			buildConfigurations = (
				AACEBC1C19819F0600DD2F78 /* Debug */,
				AACEBC1D19819F0600DD2F78 /* Release */,
			);
			defaultConfigurationIsVisible = 0;
			defaultConfigurationName = Release;
		};
		AACEBC1E19819F0600DD2F78 /* Build configuration list for PBXNativeTarget "ShortwaveTests" */ = {
			isa = XCConfigurationList;
			buildConfigurations = (
				AACEBC1F19819F0600DD2F78 /* Debug */,
				AACEBC2019819F0600DD2F78 /* Release */,
			);
			defaultConfigurationIsVisible = 0;
			defaultConfigurationName = Release;
		};
/* End XCConfigurationList section */
	};
	rootObject = AACEBBFC19819F0400DD2F78 /* Project object */;
}
