// !$*UTF8*$!
{
	archiveVersion = 1;
	classes = {
	};
	objectVersion = 46;
	objects = {

/* Begin PBXBuildFile section */
		14DC052B221B47DD82AD6F81 /* libPods.a in Frameworks */ = {isa = PBXBuildFile; fileRef = D45A069EAF964C748607E8B9 /* libPods.a */; };
		AA2B983A1900D625002C0BC7 /* icongradient.png in Resources */ = {isa = PBXBuildFile; fileRef = AA2B98391900D625002C0BC7 /* icongradient.png */; };
		AA2B983C1900E56A002C0BC7 /* radar.png in Resources */ = {isa = PBXBuildFile; fileRef = AA2B983B1900E56A002C0BC7 /* radar.png */; };
		AA49D43618DE0E1500514DF5 /* FCLEErrorViewController.m in Sources */ = {isa = PBXBuildFile; fileRef = AA49D43518DE0E1500514DF5 /* FCLEErrorViewController.m */; };
		AA4D93E018EE16270051F8AE /* ESUserPMCell.m in Sources */ = {isa = PBXBuildFile; fileRef = AA4D93DF18EE16270051F8AE /* ESUserPMCell.m */; };
		AA643414190105E400419043 /* plugline.png in Resources */ = {isa = PBXBuildFile; fileRef = AA643413190105E400419043 /* plugline.png */; };
		AA69A5E718D7A9C7000E6781 /* UIColor+HexString.m in Sources */ = {isa = PBXBuildFile; fileRef = AA69A5E618D7A9C7000E6781 /* UIColor+HexString.m */; };
		AA69A5EA18D7AD27000E6781 /* FCLiveBlurButton.m in Sources */ = {isa = PBXBuildFile; fileRef = AA69A5E918D7AD27000E6781 /* FCLiveBlurButton.m */; };
		AA69A5ED18D7B4D4000E6781 /* UIImage+ImageEffects.m in Sources */ = {isa = PBXBuildFile; fileRef = AA69A5EC18D7B4D4000E6781 /* UIImage+ImageEffects.m */; };
		AA6BB86E18ED141E00EE6CF5 /* ESSwapUserStateMessage.m in Sources */ = {isa = PBXBuildFile; fileRef = AA6BB86D18ED141E00EE6CF5 /* ESSwapUserStateMessage.m */; };
		AA6BB87118ED180000EE6CF5 /* ESSwapUserStateCell.m in Sources */ = {isa = PBXBuildFile; fileRef = AA6BB87018ED180000EE6CF5 /* ESSwapUserStateCell.m */; };
		AA8EC98E18C503BB00A8C4DC /* UIImage+AverageColor.m in Sources */ = {isa = PBXBuildFile; fileRef = AA8EC98D18C503BB00A8C4DC /* UIImage+AverageColor.m */; };
		AA95952718ED4AA3002D7514 /* FCOwnerMessageCell.m in Sources */ = {isa = PBXBuildFile; fileRef = AA95952618ED4AA3002D7514 /* FCOwnerMessageCell.m */; };
		AA9A9A0718F3184B00A01BB3 /* Reachability.m in Sources */ = {isa = PBXBuildFile; fileRef = AA9A9A0618F3184B00A01BB3 /* Reachability.m */; };
		AAA3779B18F87BBD00B70B00 /* MessageUI.framework in Frameworks */ = {isa = PBXBuildFile; fileRef = AAA3779A18F87BBC00B70B00 /* MessageUI.framework */; };
		AAC6506718FA00700010916D /* RadarView.m in Sources */ = {isa = PBXBuildFile; fileRef = AAC6506618FA00700010916D /* RadarView.m */; };
		AAC6506A18FA15F60010916D /* message.png in Resources */ = {isa = PBXBuildFile; fileRef = AAC6506818FA15F60010916D /* message.png */; };
		AAC6506B18FA15F60010916D /* message@2x.png in Resources */ = {isa = PBXBuildFile; fileRef = AAC6506918FA15F60010916D /* message@2x.png */; };
		AAC6507018FA1E3D0010916D /* cord.png in Resources */ = {isa = PBXBuildFile; fileRef = AAC6506C18FA1E3D0010916D /* cord.png */; };
		AAC6507118FA1E3D0010916D /* cordmask.png in Resources */ = {isa = PBXBuildFile; fileRef = AAC6506D18FA1E3D0010916D /* cordmask.png */; };
		AAC6507218FA1E3D0010916D /* plug.png in Resources */ = {isa = PBXBuildFile; fileRef = AAC6506E18FA1E3D0010916D /* plug.png */; };
		AAC6507318FA1E3D0010916D /* plugmask.png in Resources */ = {isa = PBXBuildFile; fileRef = AAC6506F18FA1E3D0010916D /* plugmask.png */; };
		AAD2449418D777590042A93F /* FCLandingPageViewController.m in Sources */ = {isa = PBXBuildFile; fileRef = AAD2449318D777590042A93F /* FCLandingPageViewController.m */; };
		AADAB29A18F5F1AA00E61579 /* ESViewController.m in Sources */ = {isa = PBXBuildFile; fileRef = AADAB29918F5F1AA00E61579 /* ESViewController.m */; };
		AADAB29E18F62C5F00E61579 /* Phone-cord-export-02.png in Resources */ = {isa = PBXBuildFile; fileRef = AADAB29B18F62C5F00E61579 /* Phone-cord-export-02.png */; };
		AADAB29F18F62C5F00E61579 /* Phone-cord-export-03.png in Resources */ = {isa = PBXBuildFile; fileRef = AADAB29C18F62C5F00E61579 /* Phone-cord-export-03.png */; };
		AADAB2A018F62C5F00E61579 /* Phone-cord-export-04.png in Resources */ = {isa = PBXBuildFile; fileRef = AADAB29D18F62C5F00E61579 /* Phone-cord-export-04.png */; };
		AADE169118C52C8100F70F75 /* ESApplication.m in Sources */ = {isa = PBXBuildFile; fileRef = AADE169018C52C8100F70F75 /* ESApplication.m */; };
		AAE1028918C45E5000BC7269 /* ProfileCollectionViewCell.m in Sources */ = {isa = PBXBuildFile; fileRef = AAE1028818C45E5000BC7269 /* ProfileCollectionViewCell.m */; };
		AAE1028C18C469EC00BC7269 /* UIView+Glow.m in Sources */ = {isa = PBXBuildFile; fileRef = AAE1028B18C469EC00BC7269 /* UIView+Glow.m */; };
		AAE3743718DC0520006A9C82 /* myCoreDataModel.xcdatamodeld in Sources */ = {isa = PBXBuildFile; fileRef = AAE3743518DC0520006A9C82 /* myCoreDataModel.xcdatamodeld */; };
		AAE3743B18DC05AB006A9C82 /* Beacon.m in Sources */ = {isa = PBXBuildFile; fileRef = AAE3743A18DC05AB006A9C82 /* Beacon.m */; };
		AAE3743E18DC05F2006A9C82 /* ESCoreDataController.m in Sources */ = {isa = PBXBuildFile; fileRef = AAE3743D18DC05F2006A9C82 /* ESCoreDataController.m */; };
		AAE3744018DC098B006A9C82 /* CoreData.framework in Frameworks */ = {isa = PBXBuildFile; fileRef = AAE3743F18DC098B006A9C82 /* CoreData.framework */; };
		AAF40AC318F12FD6000526BE /* UIImage+Resize.m in Sources */ = {isa = PBXBuildFile; fileRef = AAF40AC218F12FD6000526BE /* UIImage+Resize.m */; };
		C0032A8418FF857500C8050B /* Firebase.framework in Frameworks */ = {isa = PBXBuildFile; fileRef = C0032A8318FF857500C8050B /* Firebase.framework */; };
		C0032A8618FF858800C8050B /* FirebaseSimpleLogin.framework in Frameworks */ = {isa = PBXBuildFile; fileRef = C0032A8518FF858800C8050B /* FirebaseSimpleLogin.framework */; };
		C0032A8C18FF89BD00C8050B /* libsqlite3.dylib in Frameworks */ = {isa = PBXBuildFile; fileRef = C0032A8B18FF89BD00C8050B /* libsqlite3.dylib */; };
		C0032A8D18FF89FB00C8050B /* AdSupport.framework in Frameworks */ = {isa = PBXBuildFile; fileRef = C0032A8718FF877E00C8050B /* AdSupport.framework */; };
		C013C4F1189EB3D3001157E3 /* MobileCoreServices.framework in Frameworks */ = {isa = PBXBuildFile; fileRef = C013C4F0189EB3D3001157E3 /* MobileCoreServices.framework */; };
		C013C4FA189EF0C1001157E3 /* FCLandingViewController.m in Sources */ = {isa = PBXBuildFile; fileRef = C013C4F9189EF0C1001157E3 /* FCLandingViewController.m */; };
		C013C4FD189EFF44001157E3 /* FCWallViewController.m in Sources */ = {isa = PBXBuildFile; fileRef = C013C4FC189EFF44001157E3 /* FCWallViewController.m */; };
		C020259118735B3300883A38 /* Accounts.framework in Frameworks */ = {isa = PBXBuildFile; fileRef = C020259018735B3300883A38 /* Accounts.framework */; };
		C020259318735B3D00883A38 /* Social.framework in Frameworks */ = {isa = PBXBuildFile; fileRef = C020259218735B3D00883A38 /* Social.framework */; };
		C02CE38E186808B000305FC9 /* Foundation.framework in Frameworks */ = {isa = PBXBuildFile; fileRef = C02CE38D186808B000305FC9 /* Foundation.framework */; };
		C02CE390186808B000305FC9 /* CoreGraphics.framework in Frameworks */ = {isa = PBXBuildFile; fileRef = C02CE38F186808B000305FC9 /* CoreGraphics.framework */; };
		C02CE392186808B000305FC9 /* UIKit.framework in Frameworks */ = {isa = PBXBuildFile; fileRef = C02CE391186808B000305FC9 /* UIKit.framework */; };
		C02CE394186808B000305FC9 /* CFNetwork.framework in Frameworks */ = {isa = PBXBuildFile; fileRef = C02CE393186808B000305FC9 /* CFNetwork.framework */; };
		C02CE396186808B000305FC9 /* Security.framework in Frameworks */ = {isa = PBXBuildFile; fileRef = C02CE395186808B000305FC9 /* Security.framework */; };
		C02CE39C186808B000305FC9 /* InfoPlist.strings in Resources */ = {isa = PBXBuildFile; fileRef = C02CE39A186808B000305FC9 /* InfoPlist.strings */; };
		C02CE39E186808B000305FC9 /* main.m in Sources */ = {isa = PBXBuildFile; fileRef = C02CE39D186808B000305FC9 /* main.m */; };
		C02CE3A2186808B000305FC9 /* FCAppDelegate.m in Sources */ = {isa = PBXBuildFile; fileRef = C02CE3A1186808B000305FC9 /* FCAppDelegate.m */; };
		C02CE3A8186808B000305FC9 /* FCViewController.m in Sources */ = {isa = PBXBuildFile; fileRef = C02CE3A7186808B000305FC9 /* FCViewController.m */; };
		C02CE3AD186808B000305FC9 /* FCViewController.xib in Resources */ = {isa = PBXBuildFile; fileRef = C02CE3AB186808B000305FC9 /* FCViewController.xib */; };
		C02CE3B6186808B000305FC9 /* XCTest.framework in Frameworks */ = {isa = PBXBuildFile; fileRef = C02CE3B5186808B000305FC9 /* XCTest.framework */; };
		C02CE3B7186808B000305FC9 /* Foundation.framework in Frameworks */ = {isa = PBXBuildFile; fileRef = C02CE38D186808B000305FC9 /* Foundation.framework */; };
		C02CE3B8186808B000305FC9 /* UIKit.framework in Frameworks */ = {isa = PBXBuildFile; fileRef = C02CE391186808B000305FC9 /* UIKit.framework */; };
		C02CE3C0186808B000305FC9 /* InfoPlist.strings in Resources */ = {isa = PBXBuildFile; fileRef = C02CE3BE186808B000305FC9 /* InfoPlist.strings */; };
		C02CE3C2186808B000305FC9 /* FirechatTests.m in Sources */ = {isa = PBXBuildFile; fileRef = C02CE3C1186808B000305FC9 /* FirechatTests.m */; };
		C02CE3CC1868095900305FC9 /* libicucore.dylib in Frameworks */ = {isa = PBXBuildFile; fileRef = C02CE3CB1868095900305FC9 /* libicucore.dylib */; };
		C02CE3CE1868096600305FC9 /* libc++.dylib in Frameworks */ = {isa = PBXBuildFile; fileRef = C02CE3CD1868096600305FC9 /* libc++.dylib */; };
		C02CE3D01868097E00305FC9 /* SystemConfiguration.framework in Frameworks */ = {isa = PBXBuildFile; fileRef = C02CE3CF1868097E00305FC9 /* SystemConfiguration.framework */; };
		C02CE3D218680A5F00305FC9 /* main.storyboard in Resources */ = {isa = PBXBuildFile; fileRef = C02CE3D118680A5F00305FC9 /* main.storyboard */; };
		C02CE3DB186814A700305FC9 /* FCMessage.m in Sources */ = {isa = PBXBuildFile; fileRef = C02CE3DA186814A700305FC9 /* FCMessage.m */; };
		C02CE3EE1868CD3000305FC9 /* FCMessageCell.m in Sources */ = {isa = PBXBuildFile; fileRef = C02CE3ED1868CD3000305FC9 /* FCMessageCell.m */; };
		C02CE3F21868D1A500305FC9 /* AsyncImageView.m in Sources */ = {isa = PBXBuildFile; fileRef = C02CE3F11868D1A500305FC9 /* AsyncImageView.m */; };
		C057427D187BA5FE002509DB /* CoreLocation.framework in Frameworks */ = {isa = PBXBuildFile; fileRef = C057427C187BA5FE002509DB /* CoreLocation.framework */; };
		C057427F187BA603002509DB /* CoreBluetooth.framework in Frameworks */ = {isa = PBXBuildFile; fileRef = C057427E187BA603002509DB /* CoreBluetooth.framework */; };
		C05742E718831F73002509DB /* FCBeacon.m in Sources */ = {isa = PBXBuildFile; fileRef = C05742E618831F73002509DB /* FCBeacon.m */; };
		C05742ED188394C8002509DB /* FCSurroundingsTableViewController.m in Sources */ = {isa = PBXBuildFile; fileRef = C05742EC188394C8002509DB /* FCSurroundingsTableViewController.m */; };
		C05E124B186D3B3600BA89EA /* FCPostMessageViewController.m in Sources */ = {isa = PBXBuildFile; fileRef = C05E124A186D3B3600BA89EA /* FCPostMessageViewController.m */; };
		C05E124E186D3D5F00BA89EA /* FCUser.m in Sources */ = {isa = PBXBuildFile; fileRef = C05E124D186D3D5F00BA89EA /* FCUser.m */; };
		C070A20318EF54C3000C9D3C /* CBCentralManager+Ext.m in Sources */ = {isa = PBXBuildFile; fileRef = C070A1FE18EF54C3000C9D3C /* CBCentralManager+Ext.m */; };
		C070A20418EF54C3000C9D3C /* CBPeripheralManager+Ext.m in Sources */ = {isa = PBXBuildFile; fileRef = C070A20018EF54C3000C9D3C /* CBPeripheralManager+Ext.m */; };
		C070A20518EF54C3000C9D3C /* CBUUID+Ext.m in Sources */ = {isa = PBXBuildFile; fileRef = C070A20218EF54C3000C9D3C /* CBUUID+Ext.m */; };
		C0ACBCB318EB6A2E00BBFCDF /* ESTransponder.m in Sources */ = {isa = PBXBuildFile; fileRef = C0ACBCB218EB6A2E00BBFCDF /* ESTransponder.m */; };
		C0DC3DE3188B1BBB002342B9 /* imageassets.xcassets in Resources */ = {isa = PBXBuildFile; fileRef = C0DC3DE2188B1BBB002342B9 /* imageassets.xcassets */; };
		C0E64E0E18FDED7100D05EDC /* Crashlytics.framework in Frameworks */ = {isa = PBXBuildFile; fileRef = C0E64E0D18FDED7100D05EDC /* Crashlytics.framework */; };
/* End PBXBuildFile section */

/* Begin PBXContainerItemProxy section */
		C02CE3B9186808B000305FC9 /* PBXContainerItemProxy */ = {
			isa = PBXContainerItemProxy;
			containerPortal = C02CE382186808B000305FC9 /* Project object */;
			proxyType = 1;
			remoteGlobalIDString = C02CE389186808B000305FC9;
			remoteInfo = Firechat;
		};
/* End PBXContainerItemProxy section */

/* Begin PBXFileReference section */
		A23697464CBE4C1081D30A27 /* Pods.xcconfig */ = {isa = PBXFileReference; includeInIndex = 1; lastKnownFileType = text.xcconfig; name = Pods.xcconfig; path = Pods/Pods.xcconfig; sourceTree = "<group>"; };
		AA2B98391900D625002C0BC7 /* icongradient.png */ = {isa = PBXFileReference; lastKnownFileType = image.png; path = icongradient.png; sourceTree = "<group>"; };
		AA2B983B1900E56A002C0BC7 /* radar.png */ = {isa = PBXFileReference; lastKnownFileType = image.png; path = radar.png; sourceTree = "<group>"; };
		AA49D43418DE0E1500514DF5 /* FCLEErrorViewController.h */ = {isa = PBXFileReference; fileEncoding = 4; lastKnownFileType = sourcecode.c.h; path = FCLEErrorViewController.h; sourceTree = "<group>"; };
		AA49D43518DE0E1500514DF5 /* FCLEErrorViewController.m */ = {isa = PBXFileReference; fileEncoding = 4; lastKnownFileType = sourcecode.c.objc; path = FCLEErrorViewController.m; sourceTree = "<group>"; };
		AA4D93DE18EE16270051F8AE /* ESUserPMCell.h */ = {isa = PBXFileReference; fileEncoding = 4; lastKnownFileType = sourcecode.c.h; path = ESUserPMCell.h; sourceTree = "<group>"; };
		AA4D93DF18EE16270051F8AE /* ESUserPMCell.m */ = {isa = PBXFileReference; fileEncoding = 4; lastKnownFileType = sourcecode.c.objc; path = ESUserPMCell.m; sourceTree = "<group>"; };
		AA643413190105E400419043 /* plugline.png */ = {isa = PBXFileReference; lastKnownFileType = image.png; path = plugline.png; sourceTree = "<group>"; };
		AA69A5E518D7A9C7000E6781 /* UIColor+HexString.h */ = {isa = PBXFileReference; fileEncoding = 4; lastKnownFileType = sourcecode.c.h; path = "UIColor+HexString.h"; sourceTree = "<group>"; };
		AA69A5E618D7A9C7000E6781 /* UIColor+HexString.m */ = {isa = PBXFileReference; fileEncoding = 4; lastKnownFileType = sourcecode.c.objc; path = "UIColor+HexString.m"; sourceTree = "<group>"; };
		AA69A5E818D7AD27000E6781 /* FCLiveBlurButton.h */ = {isa = PBXFileReference; fileEncoding = 4; lastKnownFileType = sourcecode.c.h; path = FCLiveBlurButton.h; sourceTree = "<group>"; };
		AA69A5E918D7AD27000E6781 /* FCLiveBlurButton.m */ = {isa = PBXFileReference; fileEncoding = 4; lastKnownFileType = sourcecode.c.objc; path = FCLiveBlurButton.m; sourceTree = "<group>"; };
		AA69A5EB18D7B4D4000E6781 /* UIImage+ImageEffects.h */ = {isa = PBXFileReference; fileEncoding = 4; lastKnownFileType = sourcecode.c.h; path = "UIImage+ImageEffects.h"; sourceTree = "<group>"; };
		AA69A5EC18D7B4D4000E6781 /* UIImage+ImageEffects.m */ = {isa = PBXFileReference; fileEncoding = 4; lastKnownFileType = sourcecode.c.objc; path = "UIImage+ImageEffects.m"; sourceTree = "<group>"; };
		AA6BB86C18ED141E00EE6CF5 /* ESSwapUserStateMessage.h */ = {isa = PBXFileReference; fileEncoding = 4; lastKnownFileType = sourcecode.c.h; path = ESSwapUserStateMessage.h; sourceTree = "<group>"; };
		AA6BB86D18ED141E00EE6CF5 /* ESSwapUserStateMessage.m */ = {isa = PBXFileReference; fileEncoding = 4; lastKnownFileType = sourcecode.c.objc; path = ESSwapUserStateMessage.m; sourceTree = "<group>"; };
		AA6BB86F18ED180000EE6CF5 /* ESSwapUserStateCell.h */ = {isa = PBXFileReference; fileEncoding = 4; lastKnownFileType = sourcecode.c.h; path = ESSwapUserStateCell.h; sourceTree = "<group>"; };
		AA6BB87018ED180000EE6CF5 /* ESSwapUserStateCell.m */ = {isa = PBXFileReference; fileEncoding = 4; lastKnownFileType = sourcecode.c.objc; path = ESSwapUserStateCell.m; sourceTree = "<group>"; };
		AA8EC98C18C503BB00A8C4DC /* UIImage+AverageColor.h */ = {isa = PBXFileReference; fileEncoding = 4; lastKnownFileType = sourcecode.c.h; path = "UIImage+AverageColor.h"; sourceTree = "<group>"; };
		AA8EC98D18C503BB00A8C4DC /* UIImage+AverageColor.m */ = {isa = PBXFileReference; fileEncoding = 4; lastKnownFileType = sourcecode.c.objc; path = "UIImage+AverageColor.m"; sourceTree = "<group>"; };
		AA95952518ED4AA3002D7514 /* FCOwnerMessageCell.h */ = {isa = PBXFileReference; fileEncoding = 4; lastKnownFileType = sourcecode.c.h; path = FCOwnerMessageCell.h; sourceTree = "<group>"; };
		AA95952618ED4AA3002D7514 /* FCOwnerMessageCell.m */ = {isa = PBXFileReference; fileEncoding = 4; lastKnownFileType = sourcecode.c.objc; path = FCOwnerMessageCell.m; sourceTree = "<group>"; };
		AA9A9A0518F3184B00A01BB3 /* Reachability.h */ = {isa = PBXFileReference; fileEncoding = 4; lastKnownFileType = sourcecode.c.h; path = Reachability.h; sourceTree = "<group>"; };
		AA9A9A0618F3184B00A01BB3 /* Reachability.m */ = {isa = PBXFileReference; fileEncoding = 4; lastKnownFileType = sourcecode.c.objc; path = Reachability.m; sourceTree = "<group>"; };
		AAA3779A18F87BBC00B70B00 /* MessageUI.framework */ = {isa = PBXFileReference; lastKnownFileType = wrapper.framework; name = MessageUI.framework; path = System/Library/Frameworks/MessageUI.framework; sourceTree = SDKROOT; };
		AAC6506518FA00700010916D /* RadarView.h */ = {isa = PBXFileReference; fileEncoding = 4; lastKnownFileType = sourcecode.c.h; path = RadarView.h; sourceTree = "<group>"; };
		AAC6506618FA00700010916D /* RadarView.m */ = {isa = PBXFileReference; fileEncoding = 4; lastKnownFileType = sourcecode.c.objc; path = RadarView.m; sourceTree = "<group>"; };
		AAC6506818FA15F60010916D /* message.png */ = {isa = PBXFileReference; lastKnownFileType = image.png; path = message.png; sourceTree = "<group>"; };
		AAC6506918FA15F60010916D /* message@2x.png */ = {isa = PBXFileReference; lastKnownFileType = image.png; path = "message@2x.png"; sourceTree = "<group>"; };
		AAC6506C18FA1E3D0010916D /* cord.png */ = {isa = PBXFileReference; lastKnownFileType = image.png; path = cord.png; sourceTree = "<group>"; };
		AAC6506D18FA1E3D0010916D /* cordmask.png */ = {isa = PBXFileReference; lastKnownFileType = image.png; path = cordmask.png; sourceTree = "<group>"; };
		AAC6506E18FA1E3D0010916D /* plug.png */ = {isa = PBXFileReference; lastKnownFileType = image.png; path = plug.png; sourceTree = "<group>"; };
		AAC6506F18FA1E3D0010916D /* plugmask.png */ = {isa = PBXFileReference; lastKnownFileType = image.png; path = plugmask.png; sourceTree = "<group>"; };
		AAD2449218D777590042A93F /* FCLandingPageViewController.h */ = {isa = PBXFileReference; fileEncoding = 4; lastKnownFileType = sourcecode.c.h; path = FCLandingPageViewController.h; sourceTree = "<group>"; };
		AAD2449318D777590042A93F /* FCLandingPageViewController.m */ = {isa = PBXFileReference; fileEncoding = 4; lastKnownFileType = sourcecode.c.objc; path = FCLandingPageViewController.m; sourceTree = "<group>"; };
		AADAB29818F5F1AA00E61579 /* ESViewController.h */ = {isa = PBXFileReference; fileEncoding = 4; lastKnownFileType = sourcecode.c.h; path = ESViewController.h; sourceTree = "<group>"; };
		AADAB29918F5F1AA00E61579 /* ESViewController.m */ = {isa = PBXFileReference; fileEncoding = 4; lastKnownFileType = sourcecode.c.objc; path = ESViewController.m; sourceTree = "<group>"; };
		AADAB29B18F62C5F00E61579 /* Phone-cord-export-02.png */ = {isa = PBXFileReference; lastKnownFileType = image.png; path = "Phone-cord-export-02.png"; sourceTree = "<group>"; };
		AADAB29C18F62C5F00E61579 /* Phone-cord-export-03.png */ = {isa = PBXFileReference; lastKnownFileType = image.png; path = "Phone-cord-export-03.png"; sourceTree = "<group>"; };
		AADAB29D18F62C5F00E61579 /* Phone-cord-export-04.png */ = {isa = PBXFileReference; lastKnownFileType = image.png; path = "Phone-cord-export-04.png"; sourceTree = "<group>"; };
		AADE168F18C52C8100F70F75 /* ESApplication.h */ = {isa = PBXFileReference; fileEncoding = 4; lastKnownFileType = sourcecode.c.h; path = ESApplication.h; sourceTree = "<group>"; };
		AADE169018C52C8100F70F75 /* ESApplication.m */ = {isa = PBXFileReference; fileEncoding = 4; lastKnownFileType = sourcecode.c.objc; path = ESApplication.m; sourceTree = "<group>"; };
		AAE1028718C45E5000BC7269 /* ProfileCollectionViewCell.h */ = {isa = PBXFileReference; fileEncoding = 4; lastKnownFileType = sourcecode.c.h; name = ProfileCollectionViewCell.h; path = Firechat/ProfileCollectionViewCell.h; sourceTree = "<group>"; };
		AAE1028818C45E5000BC7269 /* ProfileCollectionViewCell.m */ = {isa = PBXFileReference; fileEncoding = 4; lastKnownFileType = sourcecode.c.objc; name = ProfileCollectionViewCell.m; path = Firechat/ProfileCollectionViewCell.m; sourceTree = "<group>"; };
		AAE1028A18C469EC00BC7269 /* UIView+Glow.h */ = {isa = PBXFileReference; fileEncoding = 4; lastKnownFileType = sourcecode.c.h; path = "UIView+Glow.h"; sourceTree = "<group>"; };
		AAE1028B18C469EC00BC7269 /* UIView+Glow.m */ = {isa = PBXFileReference; fileEncoding = 4; lastKnownFileType = sourcecode.c.objc; path = "UIView+Glow.m"; sourceTree = "<group>"; };
		AAE1028D18C4729200BC7269 /* Math.h */ = {isa = PBXFileReference; lastKnownFileType = sourcecode.c.h; path = Math.h; sourceTree = "<group>"; };
		AAE3743618DC0520006A9C82 /* myCoreDataModel.xcdatamodel */ = {isa = PBXFileReference; lastKnownFileType = wrapper.xcdatamodel; path = myCoreDataModel.xcdatamodel; sourceTree = "<group>"; };
		AAE3743918DC05AB006A9C82 /* Beacon.h */ = {isa = PBXFileReference; fileEncoding = 4; lastKnownFileType = sourcecode.c.h; path = Beacon.h; sourceTree = "<group>"; };
		AAE3743A18DC05AB006A9C82 /* Beacon.m */ = {isa = PBXFileReference; fileEncoding = 4; lastKnownFileType = sourcecode.c.objc; path = Beacon.m; sourceTree = "<group>"; };
		AAE3743C18DC05F2006A9C82 /* ESCoreDataController.h */ = {isa = PBXFileReference; fileEncoding = 4; lastKnownFileType = sourcecode.c.h; path = ESCoreDataController.h; sourceTree = "<group>"; };
		AAE3743D18DC05F2006A9C82 /* ESCoreDataController.m */ = {isa = PBXFileReference; fileEncoding = 4; lastKnownFileType = sourcecode.c.objc; path = ESCoreDataController.m; sourceTree = "<group>"; };
		AAE3743F18DC098B006A9C82 /* CoreData.framework */ = {isa = PBXFileReference; lastKnownFileType = wrapper.framework; name = CoreData.framework; path = System/Library/Frameworks/CoreData.framework; sourceTree = SDKROOT; };
		AAF40AC118F12FD6000526BE /* UIImage+Resize.h */ = {isa = PBXFileReference; fileEncoding = 4; lastKnownFileType = sourcecode.c.h; path = "UIImage+Resize.h"; sourceTree = "<group>"; };
		AAF40AC218F12FD6000526BE /* UIImage+Resize.m */ = {isa = PBXFileReference; fileEncoding = 4; lastKnownFileType = sourcecode.c.objc; path = "UIImage+Resize.m"; sourceTree = "<group>"; };
		C0032A8318FF857500C8050B /* Firebase.framework */ = {isa = PBXFileReference; lastKnownFileType = wrapper.framework; path = Firebase.framework; sourceTree = "<group>"; };
		C0032A8518FF858800C8050B /* FirebaseSimpleLogin.framework */ = {isa = PBXFileReference; lastKnownFileType = wrapper.framework; path = FirebaseSimpleLogin.framework; sourceTree = "<group>"; };
		C0032A8718FF877E00C8050B /* AdSupport.framework */ = {isa = PBXFileReference; lastKnownFileType = wrapper.framework; name = AdSupport.framework; path = System/Library/Frameworks/AdSupport.framework; sourceTree = SDKROOT; };
		C0032A8918FF88D400C8050B /* FacebookSDK.framework */ = {isa = PBXFileReference; lastKnownFileType = wrapper.framework; path = FacebookSDK.framework; sourceTree = "<group>"; };
		C0032A8B18FF89BD00C8050B /* libsqlite3.dylib */ = {isa = PBXFileReference; lastKnownFileType = "compiled.mach-o.dylib"; name = libsqlite3.dylib; path = usr/lib/libsqlite3.dylib; sourceTree = SDKROOT; };
		C013C4F0189EB3D3001157E3 /* MobileCoreServices.framework */ = {isa = PBXFileReference; lastKnownFileType = wrapper.framework; name = MobileCoreServices.framework; path = System/Library/Frameworks/MobileCoreServices.framework; sourceTree = SDKROOT; };
		C013C4F8189EF0C1001157E3 /* FCLandingViewController.h */ = {isa = PBXFileReference; fileEncoding = 4; lastKnownFileType = sourcecode.c.h; name = FCLandingViewController.h; path = Firechat/FCLandingViewController.h; sourceTree = "<group>"; };
		C013C4F9189EF0C1001157E3 /* FCLandingViewController.m */ = {isa = PBXFileReference; fileEncoding = 4; lastKnownFileType = sourcecode.c.objc; name = FCLandingViewController.m; path = Firechat/FCLandingViewController.m; sourceTree = "<group>"; };
		C013C4FB189EFF44001157E3 /* FCWallViewController.h */ = {isa = PBXFileReference; fileEncoding = 4; lastKnownFileType = sourcecode.c.h; path = FCWallViewController.h; sourceTree = "<group>"; };
		C013C4FC189EFF44001157E3 /* FCWallViewController.m */ = {isa = PBXFileReference; fileEncoding = 4; lastKnownFileType = sourcecode.c.objc; path = FCWallViewController.m; sourceTree = "<group>"; };
		C020259018735B3300883A38 /* Accounts.framework */ = {isa = PBXFileReference; lastKnownFileType = wrapper.framework; name = Accounts.framework; path = System/Library/Frameworks/Accounts.framework; sourceTree = SDKROOT; };
		C020259218735B3D00883A38 /* Social.framework */ = {isa = PBXFileReference; lastKnownFileType = wrapper.framework; name = Social.framework; path = System/Library/Frameworks/Social.framework; sourceTree = SDKROOT; };
		C02CE38A186808B000305FC9 /* Shortwave.app */ = {isa = PBXFileReference; explicitFileType = wrapper.application; includeInIndex = 0; path = Shortwave.app; sourceTree = BUILT_PRODUCTS_DIR; };
		C02CE38D186808B000305FC9 /* Foundation.framework */ = {isa = PBXFileReference; lastKnownFileType = wrapper.framework; name = Foundation.framework; path = System/Library/Frameworks/Foundation.framework; sourceTree = SDKROOT; };
		C02CE38F186808B000305FC9 /* CoreGraphics.framework */ = {isa = PBXFileReference; lastKnownFileType = wrapper.framework; name = CoreGraphics.framework; path = System/Library/Frameworks/CoreGraphics.framework; sourceTree = SDKROOT; };
		C02CE391186808B000305FC9 /* UIKit.framework */ = {isa = PBXFileReference; lastKnownFileType = wrapper.framework; name = UIKit.framework; path = System/Library/Frameworks/UIKit.framework; sourceTree = SDKROOT; };
		C02CE393186808B000305FC9 /* CFNetwork.framework */ = {isa = PBXFileReference; lastKnownFileType = wrapper.framework; name = CFNetwork.framework; path = System/Library/Frameworks/CFNetwork.framework; sourceTree = SDKROOT; };
		C02CE395186808B000305FC9 /* Security.framework */ = {isa = PBXFileReference; lastKnownFileType = wrapper.framework; name = Security.framework; path = System/Library/Frameworks/Security.framework; sourceTree = SDKROOT; };
		C02CE399186808B000305FC9 /* Earshot-Info.plist */ = {isa = PBXFileReference; lastKnownFileType = text.plist.xml; path = "Earshot-Info.plist"; sourceTree = "<group>"; };
		C02CE39B186808B000305FC9 /* en */ = {isa = PBXFileReference; lastKnownFileType = text.plist.strings; name = en; path = en.lproj/InfoPlist.strings; sourceTree = "<group>"; };
		C02CE39D186808B000305FC9 /* main.m */ = {isa = PBXFileReference; lastKnownFileType = sourcecode.c.objc; path = main.m; sourceTree = "<group>"; };
		C02CE39F186808B000305FC9 /* Shortwave-Prefix.pch */ = {isa = PBXFileReference; lastKnownFileType = sourcecode.c.h; path = "Shortwave-Prefix.pch"; sourceTree = "<group>"; };
		C02CE3A0186808B000305FC9 /* FCAppDelegate.h */ = {isa = PBXFileReference; lastKnownFileType = sourcecode.c.h; path = FCAppDelegate.h; sourceTree = "<group>"; };
		C02CE3A1186808B000305FC9 /* FCAppDelegate.m */ = {isa = PBXFileReference; lastKnownFileType = sourcecode.c.objc; path = FCAppDelegate.m; sourceTree = "<group>"; };
		C02CE3A6186808B000305FC9 /* FCViewController.h */ = {isa = PBXFileReference; lastKnownFileType = sourcecode.c.h; name = FCViewController.h; path = Firechat/FCViewController.h; sourceTree = "<group>"; };
		C02CE3A7186808B000305FC9 /* FCViewController.m */ = {isa = PBXFileReference; lastKnownFileType = sourcecode.c.objc; name = FCViewController.m; path = Firechat/FCViewController.m; sourceTree = "<group>"; };
		C02CE3AC186808B000305FC9 /* en */ = {isa = PBXFileReference; lastKnownFileType = file.xib; name = en; path = en.lproj/FCViewController.xib; sourceTree = "<group>"; };
		C02CE3B4186808B000305FC9 /* ShortwaveTests.xctest */ = {isa = PBXFileReference; explicitFileType = wrapper.cfbundle; includeInIndex = 0; path = ShortwaveTests.xctest; sourceTree = BUILT_PRODUCTS_DIR; };
		C02CE3B5186808B000305FC9 /* XCTest.framework */ = {isa = PBXFileReference; lastKnownFileType = wrapper.framework; name = XCTest.framework; path = Library/Frameworks/XCTest.framework; sourceTree = DEVELOPER_DIR; };
		C02CE3BD186808B000305FC9 /* ShortwaveTests-Info.plist */ = {isa = PBXFileReference; lastKnownFileType = text.plist.xml; path = "ShortwaveTests-Info.plist"; sourceTree = "<group>"; };
		C02CE3BF186808B000305FC9 /* en */ = {isa = PBXFileReference; lastKnownFileType = text.plist.strings; name = en; path = en.lproj/InfoPlist.strings; sourceTree = "<group>"; };
		C02CE3C1186808B000305FC9 /* FirechatTests.m */ = {isa = PBXFileReference; lastKnownFileType = sourcecode.c.objc; path = FirechatTests.m; sourceTree = "<group>"; };
		C02CE3CB1868095900305FC9 /* libicucore.dylib */ = {isa = PBXFileReference; lastKnownFileType = "compiled.mach-o.dylib"; name = libicucore.dylib; path = usr/lib/libicucore.dylib; sourceTree = SDKROOT; };
		C02CE3CD1868096600305FC9 /* libc++.dylib */ = {isa = PBXFileReference; lastKnownFileType = "compiled.mach-o.dylib"; name = "libc++.dylib"; path = "usr/lib/libc++.dylib"; sourceTree = SDKROOT; };
		C02CE3CF1868097E00305FC9 /* SystemConfiguration.framework */ = {isa = PBXFileReference; lastKnownFileType = wrapper.framework; name = SystemConfiguration.framework; path = System/Library/Frameworks/SystemConfiguration.framework; sourceTree = SDKROOT; };
		C02CE3D118680A5F00305FC9 /* main.storyboard */ = {isa = PBXFileReference; fileEncoding = 4; lastKnownFileType = file.storyboard; name = main.storyboard; path = ../main.storyboard; sourceTree = "<group>"; };
		C02CE3D9186814A700305FC9 /* FCMessage.h */ = {isa = PBXFileReference; fileEncoding = 4; lastKnownFileType = sourcecode.c.h; name = FCMessage.h; path = ../FCMessage.h; sourceTree = "<group>"; };
		C02CE3DA186814A700305FC9 /* FCMessage.m */ = {isa = PBXFileReference; fileEncoding = 4; lastKnownFileType = sourcecode.c.objc; name = FCMessage.m; path = ../FCMessage.m; sourceTree = "<group>"; };
		C02CE3EC1868CD3000305FC9 /* FCMessageCell.h */ = {isa = PBXFileReference; fileEncoding = 4; lastKnownFileType = sourcecode.c.h; path = FCMessageCell.h; sourceTree = "<group>"; };
		C02CE3ED1868CD3000305FC9 /* FCMessageCell.m */ = {isa = PBXFileReference; fileEncoding = 4; lastKnownFileType = sourcecode.c.objc; path = FCMessageCell.m; sourceTree = "<group>"; };
		C02CE3F01868D1A500305FC9 /* AsyncImageView.h */ = {isa = PBXFileReference; fileEncoding = 4; lastKnownFileType = sourcecode.c.h; path = AsyncImageView.h; sourceTree = "<group>"; };
		C02CE3F11868D1A500305FC9 /* AsyncImageView.m */ = {isa = PBXFileReference; fileEncoding = 4; lastKnownFileType = sourcecode.c.objc; path = AsyncImageView.m; sourceTree = "<group>"; };
		C057427C187BA5FE002509DB /* CoreLocation.framework */ = {isa = PBXFileReference; lastKnownFileType = wrapper.framework; name = CoreLocation.framework; path = System/Library/Frameworks/CoreLocation.framework; sourceTree = SDKROOT; };
		C057427E187BA603002509DB /* CoreBluetooth.framework */ = {isa = PBXFileReference; lastKnownFileType = wrapper.framework; name = CoreBluetooth.framework; path = System/Library/Frameworks/CoreBluetooth.framework; sourceTree = SDKROOT; };
		C05742E518831F73002509DB /* FCBeacon.h */ = {isa = PBXFileReference; fileEncoding = 4; lastKnownFileType = sourcecode.c.h; name = FCBeacon.h; path = Firechat/FCBeacon.h; sourceTree = "<group>"; };
		C05742E618831F73002509DB /* FCBeacon.m */ = {isa = PBXFileReference; fileEncoding = 4; lastKnownFileType = sourcecode.c.objc; name = FCBeacon.m; path = Firechat/FCBeacon.m; sourceTree = "<group>"; };
		C05742EB188394C8002509DB /* FCSurroundingsTableViewController.h */ = {isa = PBXFileReference; fileEncoding = 4; lastKnownFileType = sourcecode.c.h; name = FCSurroundingsTableViewController.h; path = Firechat/FCSurroundingsTableViewController.h; sourceTree = "<group>"; };
		C05742EC188394C8002509DB /* FCSurroundingsTableViewController.m */ = {isa = PBXFileReference; fileEncoding = 4; lastKnownFileType = sourcecode.c.objc; name = FCSurroundingsTableViewController.m; path = Firechat/FCSurroundingsTableViewController.m; sourceTree = "<group>"; };
		C05E1249186D3B3600BA89EA /* FCPostMessageViewController.h */ = {isa = PBXFileReference; fileEncoding = 4; lastKnownFileType = sourcecode.c.h; name = FCPostMessageViewController.h; path = Firechat/FCPostMessageViewController.h; sourceTree = "<group>"; };
		C05E124A186D3B3600BA89EA /* FCPostMessageViewController.m */ = {isa = PBXFileReference; fileEncoding = 4; lastKnownFileType = sourcecode.c.objc; name = FCPostMessageViewController.m; path = Firechat/FCPostMessageViewController.m; sourceTree = "<group>"; };
		C05E124C186D3D5F00BA89EA /* FCUser.h */ = {isa = PBXFileReference; fileEncoding = 4; lastKnownFileType = sourcecode.c.h; path = FCUser.h; sourceTree = "<group>"; };
		C05E124D186D3D5F00BA89EA /* FCUser.m */ = {isa = PBXFileReference; fileEncoding = 4; lastKnownFileType = sourcecode.c.objc; path = FCUser.m; sourceTree = "<group>"; };
		C070A1FD18EF54C3000C9D3C /* CBCentralManager+Ext.h */ = {isa = PBXFileReference; fileEncoding = 4; lastKnownFileType = sourcecode.c.h; path = "CBCentralManager+Ext.h"; sourceTree = "<group>"; };
		C070A1FE18EF54C3000C9D3C /* CBCentralManager+Ext.m */ = {isa = PBXFileReference; fileEncoding = 4; lastKnownFileType = sourcecode.c.objc; path = "CBCentralManager+Ext.m"; sourceTree = "<group>"; };
		C070A1FF18EF54C3000C9D3C /* CBPeripheralManager+Ext.h */ = {isa = PBXFileReference; fileEncoding = 4; lastKnownFileType = sourcecode.c.h; path = "CBPeripheralManager+Ext.h"; sourceTree = "<group>"; };
		C070A20018EF54C3000C9D3C /* CBPeripheralManager+Ext.m */ = {isa = PBXFileReference; fileEncoding = 4; lastKnownFileType = sourcecode.c.objc; path = "CBPeripheralManager+Ext.m"; sourceTree = "<group>"; };
		C070A20118EF54C3000C9D3C /* CBUUID+Ext.h */ = {isa = PBXFileReference; fileEncoding = 4; lastKnownFileType = sourcecode.c.h; path = "CBUUID+Ext.h"; sourceTree = "<group>"; };
		C070A20218EF54C3000C9D3C /* CBUUID+Ext.m */ = {isa = PBXFileReference; fileEncoding = 4; lastKnownFileType = sourcecode.c.objc; path = "CBUUID+Ext.m"; sourceTree = "<group>"; };
		C09EE4B018FFB2DF0039D535 /* libPods-Facebook-iOS-SDK.a */ = {isa = PBXFileReference; lastKnownFileType = archive.ar; name = "libPods-Facebook-iOS-SDK.a"; path = "Pods/build/Debug-iphoneos/libPods-Facebook-iOS-SDK.a"; sourceTree = "<group>"; };
		C0ACBCB118EB6A2E00BBFCDF /* ESTransponder.h */ = {isa = PBXFileReference; fileEncoding = 4; lastKnownFileType = sourcecode.c.h; path = ESTransponder.h; sourceTree = "<group>"; };
		C0ACBCB218EB6A2E00BBFCDF /* ESTransponder.m */ = {isa = PBXFileReference; fileEncoding = 4; lastKnownFileType = sourcecode.c.objc; path = ESTransponder.m; sourceTree = "<group>"; };
		C0C75B2518F5EF0E004E1FB5 /* Constants.h */ = {isa = PBXFileReference; lastKnownFileType = sourcecode.c.h; path = Constants.h; sourceTree = "<group>"; };
		C0DC3DE2188B1BBB002342B9 /* imageassets.xcassets */ = {isa = PBXFileReference; lastKnownFileType = folder.assetcatalog; path = imageassets.xcassets; sourceTree = "<group>"; };
		C0E64E0D18FDED7100D05EDC /* Crashlytics.framework */ = {isa = PBXFileReference; lastKnownFileType = wrapper.framework; path = Crashlytics.framework; sourceTree = "<group>"; };
		D45A069EAF964C748607E8B9 /* libPods.a */ = {isa = PBXFileReference; explicitFileType = archive.ar; includeInIndex = 0; path = libPods.a; sourceTree = BUILT_PRODUCTS_DIR; };
/* End PBXFileReference section */

/* Begin PBXFrameworksBuildPhase section */
		C02CE387186808B000305FC9 /* Frameworks */ = {
			isa = PBXFrameworksBuildPhase;
			buildActionMask = 2147483647;
			files = (
				C0032A8D18FF89FB00C8050B /* AdSupport.framework in Frameworks */,
				C0032A8C18FF89BD00C8050B /* libsqlite3.dylib in Frameworks */,
				C020259318735B3D00883A38 /* Social.framework in Frameworks */,
				C0032A8418FF857500C8050B /* Firebase.framework in Frameworks */,
				C020259118735B3300883A38 /* Accounts.framework in Frameworks */,
				AAA3779B18F87BBD00B70B00 /* MessageUI.framework in Frameworks */,
				C0E64E0E18FDED7100D05EDC /* Crashlytics.framework in Frameworks */,
				AAE3744018DC098B006A9C82 /* CoreData.framework in Frameworks */,
				C0032A8618FF858800C8050B /* FirebaseSimpleLogin.framework in Frameworks */,
				C02CE3D01868097E00305FC9 /* SystemConfiguration.framework in Frameworks */,
				C02CE396186808B000305FC9 /* Security.framework in Frameworks */,
				C02CE394186808B000305FC9 /* CFNetwork.framework in Frameworks */,
				C02CE3CE1868096600305FC9 /* libc++.dylib in Frameworks */,
				C013C4F1189EB3D3001157E3 /* MobileCoreServices.framework in Frameworks */,
				C057427F187BA603002509DB /* CoreBluetooth.framework in Frameworks */,
				C057427D187BA5FE002509DB /* CoreLocation.framework in Frameworks */,
				C02CE3CC1868095900305FC9 /* libicucore.dylib in Frameworks */,
				C02CE390186808B000305FC9 /* CoreGraphics.framework in Frameworks */,
				C02CE392186808B000305FC9 /* UIKit.framework in Frameworks */,
				C02CE38E186808B000305FC9 /* Foundation.framework in Frameworks */,
				14DC052B221B47DD82AD6F81 /* libPods.a in Frameworks */,
			);
			runOnlyForDeploymentPostprocessing = 0;
		};
		C02CE3B1186808B000305FC9 /* Frameworks */ = {
			isa = PBXFrameworksBuildPhase;
			buildActionMask = 2147483647;
			files = (
				C02CE3B6186808B000305FC9 /* XCTest.framework in Frameworks */,
				C02CE3B8186808B000305FC9 /* UIKit.framework in Frameworks */,
				C02CE3B7186808B000305FC9 /* Foundation.framework in Frameworks */,
			);
			runOnlyForDeploymentPostprocessing = 0;
		};
/* End PBXFrameworksBuildPhase section */

/* Begin PBXGroup section */
		AA0B651A18C3CC7000600108 /* unused  */ = {
			isa = PBXGroup;
			children = (
				C05742E518831F73002509DB /* FCBeacon.h */,
				C05742E618831F73002509DB /* FCBeacon.m */,
				AAE1028718C45E5000BC7269 /* ProfileCollectionViewCell.h */,
				AAE1028818C45E5000BC7269 /* ProfileCollectionViewCell.m */,
				C02CE3A7186808B000305FC9 /* FCViewController.m */,
				C02CE3A6186808B000305FC9 /* FCViewController.h */,
				C02CE3AB186808B000305FC9 /* FCViewController.xib */,
				C02CE3EF1868D1A500305FC9 /* AsyncImageView */,
				C05E1249186D3B3600BA89EA /* FCPostMessageViewController.h */,
				C05E124A186D3B3600BA89EA /* FCPostMessageViewController.m */,
				C05742EB188394C8002509DB /* FCSurroundingsTableViewController.h */,
				C05742EC188394C8002509DB /* FCSurroundingsTableViewController.m */,
				C013C4F8189EF0C1001157E3 /* FCLandingViewController.h */,
				C013C4F9189EF0C1001157E3 /* FCLandingViewController.m */,
			);
			name = "unused ";
			sourceTree = "<group>";
		};
		AA1F2DEE18C3D9070087AAF7 /* models */ = {
			isa = PBXGroup;
			children = (
				C05E124C186D3D5F00BA89EA /* FCUser.h */,
				C05E124D186D3D5F00BA89EA /* FCUser.m */,
				C02CE3D9186814A700305FC9 /* FCMessage.h */,
				C02CE3DA186814A700305FC9 /* FCMessage.m */,
				AA6BB86C18ED141E00EE6CF5 /* ESSwapUserStateMessage.h */,
				AA6BB86D18ED141E00EE6CF5 /* ESSwapUserStateMessage.m */,
			);
			name = models;
			sourceTree = "<group>";
		};
		AA1F2DEF18C3D91A0087AAF7 /* views */ = {
			isa = PBXGroup;
			children = (
				AAC6506518FA00700010916D /* RadarView.h */,
				AAC6506618FA00700010916D /* RadarView.m */,
				AA95952518ED4AA3002D7514 /* FCOwnerMessageCell.h */,
				AA95952618ED4AA3002D7514 /* FCOwnerMessageCell.m */,
				C02CE3EC1868CD3000305FC9 /* FCMessageCell.h */,
				C02CE3ED1868CD3000305FC9 /* FCMessageCell.m */,
				AA69A5E818D7AD27000E6781 /* FCLiveBlurButton.h */,
				AA69A5E918D7AD27000E6781 /* FCLiveBlurButton.m */,
				AA6BB86F18ED180000EE6CF5 /* ESSwapUserStateCell.h */,
				AA6BB87018ED180000EE6CF5 /* ESSwapUserStateCell.m */,
				AA4D93DE18EE16270051F8AE /* ESUserPMCell.h */,
				AA4D93DF18EE16270051F8AE /* ESUserPMCell.m */,
			);
			name = views;
			sourceTree = "<group>";
		};
		AA1F2DF018C3D92D0087AAF7 /* viewcontrollers */ = {
			isa = PBXGroup;
			children = (
				AAD2449218D777590042A93F /* FCLandingPageViewController.h */,
				AAD2449318D777590042A93F /* FCLandingPageViewController.m */,
				C013C4FB189EFF44001157E3 /* FCWallViewController.h */,
				C013C4FC189EFF44001157E3 /* FCWallViewController.m */,
				AA49D43418DE0E1500514DF5 /* FCLEErrorViewController.h */,
				AA49D43518DE0E1500514DF5 /* FCLEErrorViewController.m */,
			);
			name = viewcontrollers;
			sourceTree = "<group>";
		};
		AA4E2E531926A44500534F91 /* image loader */ = {
			isa = PBXGroup;
			children = (
			);
			name = "image loader";
			sourceTree = "<group>";
		};
		AA8EC98B18C5039500A8C4DC /* extensions */ = {
			isa = PBXGroup;
			children = (
				C070A1FD18EF54C3000C9D3C /* CBCentralManager+Ext.h */,
				C070A1FE18EF54C3000C9D3C /* CBCentralManager+Ext.m */,
				C070A1FF18EF54C3000C9D3C /* CBPeripheralManager+Ext.h */,
				C070A20018EF54C3000C9D3C /* CBPeripheralManager+Ext.m */,
				C070A20118EF54C3000C9D3C /* CBUUID+Ext.h */,
				C070A20218EF54C3000C9D3C /* CBUUID+Ext.m */,
				AA69A5EB18D7B4D4000E6781 /* UIImage+ImageEffects.h */,
				AA69A5EC18D7B4D4000E6781 /* UIImage+ImageEffects.m */,
				AA69A5E518D7A9C7000E6781 /* UIColor+HexString.h */,
				AA69A5E618D7A9C7000E6781 /* UIColor+HexString.m */,
				AAE1028A18C469EC00BC7269 /* UIView+Glow.h */,
				AAE1028B18C469EC00BC7269 /* UIView+Glow.m */,
				AA8EC98C18C503BB00A8C4DC /* UIImage+AverageColor.h */,
				AA8EC98D18C503BB00A8C4DC /* UIImage+AverageColor.m */,
				AAF40AC118F12FD6000526BE /* UIImage+Resize.h */,
				AAF40AC218F12FD6000526BE /* UIImage+Resize.m */,
				AADAB29818F5F1AA00E61579 /* ESViewController.h */,
				AADAB29918F5F1AA00E61579 /* ESViewController.m */,
			);
			name = extensions;
			sourceTree = "<group>";
		};
		AA9A9A0118F3166800A01BB3 /* services */ = {
			isa = PBXGroup;
			children = (
				AA9A9A0518F3184B00A01BB3 /* Reachability.h */,
				AA9A9A0618F3184B00A01BB3 /* Reachability.m */,
				C0ACBCB118EB6A2E00BBFCDF /* ESTransponder.h */,
				C0ACBCB218EB6A2E00BBFCDF /* ESTransponder.m */,
			);
			name = services;
			sourceTree = "<group>";
		};
		AAC6507418FA1E420010916D /* no internet assets */ = {
			isa = PBXGroup;
			children = (
				AA643413190105E400419043 /* plugline.png */,
				AAC6507518FA1E6B0010916D /* old */,
				AAC6506C18FA1E3D0010916D /* cord.png */,
				AAC6506D18FA1E3D0010916D /* cordmask.png */,
				AAC6506E18FA1E3D0010916D /* plug.png */,
				AAC6506F18FA1E3D0010916D /* plugmask.png */,
			);
			name = "no internet assets";
			sourceTree = "<group>";
		};
		AAC6507518FA1E6B0010916D /* old */ = {
			isa = PBXGroup;
			children = (
				AADAB29C18F62C5F00E61579 /* Phone-cord-export-03.png */,
				AADAB29B18F62C5F00E61579 /* Phone-cord-export-02.png */,
				AADAB29D18F62C5F00E61579 /* Phone-cord-export-04.png */,
			);
			name = old;
			sourceTree = "<group>";
		};
		AAE3743818DC052C006A9C82 /* Core Data */ = {
			isa = PBXGroup;
			children = (
				AAE3743518DC0520006A9C82 /* myCoreDataModel.xcdatamodeld */,
				AAE3743918DC05AB006A9C82 /* Beacon.h */,
				AAE3743A18DC05AB006A9C82 /* Beacon.m */,
				AAE3743C18DC05F2006A9C82 /* ESCoreDataController.h */,
				AAE3743D18DC05F2006A9C82 /* ESCoreDataController.m */,
			);
			name = "Core Data";
			sourceTree = "<group>";
		};
		C02CE381186808B000305FC9 = {
			isa = PBXGroup;
			children = (
				AA4E2E531926A44500534F91 /* image loader */,
				AAC6507418FA1E420010916D /* no internet assets */,
				AA0B651A18C3CC7000600108 /* unused  */,
				C0DC3DE2188B1BBB002342B9 /* imageassets.xcassets */,
				AA2B983B1900E56A002C0BC7 /* radar.png */,
				AAC6506818FA15F60010916D /* message.png */,
				AAC6506918FA15F60010916D /* message@2x.png */,
				AA2B98391900D625002C0BC7 /* icongradient.png */,
				C02CE397186808B000305FC9 /* Firechat */,
				C02CE3BB186808B000305FC9 /* FirechatTests */,
				C02CE38C186808B000305FC9 /* Frameworks */,
				C02CE38B186808B000305FC9 /* Products */,
				A23697464CBE4C1081D30A27 /* Pods.xcconfig */,
			);
			sourceTree = "<group>";
		};
		C02CE38B186808B000305FC9 /* Products */ = {
			isa = PBXGroup;
			children = (
				C02CE38A186808B000305FC9 /* Shortwave.app */,
				C02CE3B4186808B000305FC9 /* ShortwaveTests.xctest */,
			);
			name = Products;
			sourceTree = "<group>";
		};
		C02CE38C186808B000305FC9 /* Frameworks */ = {
			isa = PBXGroup;
			children = (
				C09EE4B018FFB2DF0039D535 /* libPods-Facebook-iOS-SDK.a */,
				C0032A8B18FF89BD00C8050B /* libsqlite3.dylib */,
				C0032A8918FF88D400C8050B /* FacebookSDK.framework */,
				C0032A8718FF877E00C8050B /* AdSupport.framework */,
				C0032A8518FF858800C8050B /* FirebaseSimpleLogin.framework */,
				C0032A8318FF857500C8050B /* Firebase.framework */,
				C0E64E0D18FDED7100D05EDC /* Crashlytics.framework */,
				AAA3779A18F87BBC00B70B00 /* MessageUI.framework */,
				AAE3743F18DC098B006A9C82 /* CoreData.framework */,
				C013C4F0189EB3D3001157E3 /* MobileCoreServices.framework */,
				C057427E187BA603002509DB /* CoreBluetooth.framework */,
				C057427C187BA5FE002509DB /* CoreLocation.framework */,
				C020259218735B3D00883A38 /* Social.framework */,
				C020259018735B3300883A38 /* Accounts.framework */,
				C02CE3CF1868097E00305FC9 /* SystemConfiguration.framework */,
				C02CE3CD1868096600305FC9 /* libc++.dylib */,
				C02CE3CB1868095900305FC9 /* libicucore.dylib */,
				C02CE38D186808B000305FC9 /* Foundation.framework */,
				C02CE38F186808B000305FC9 /* CoreGraphics.framework */,
				C02CE391186808B000305FC9 /* UIKit.framework */,
				C02CE393186808B000305FC9 /* CFNetwork.framework */,
				C02CE395186808B000305FC9 /* Security.framework */,
				C02CE3B5186808B000305FC9 /* XCTest.framework */,
				D45A069EAF964C748607E8B9 /* libPods.a */,
			);
			name = Frameworks;
			sourceTree = "<group>";
		};
		C02CE397186808B000305FC9 /* Firechat */ = {
			isa = PBXGroup;
			children = (
				AA9A9A0118F3166800A01BB3 /* services */,
				AAE3743818DC052C006A9C82 /* Core Data */,
				AA8EC98B18C5039500A8C4DC /* extensions */,
				AA1F2DF018C3D92D0087AAF7 /* viewcontrollers */,
				AA1F2DEF18C3D91A0087AAF7 /* views */,
				AA1F2DEE18C3D9070087AAF7 /* models */,
				C02CE3D118680A5F00305FC9 /* main.storyboard */,
				C02CE3A0186808B000305FC9 /* FCAppDelegate.h */,
				C02CE3A1186808B000305FC9 /* FCAppDelegate.m */,
				AADE168F18C52C8100F70F75 /* ESApplication.h */,
				AADE169018C52C8100F70F75 /* ESApplication.m */,
				C02CE398186808B000305FC9 /* Supporting Files */,
			);
			path = Firechat;
			sourceTree = "<group>";
		};
		C02CE398186808B000305FC9 /* Supporting Files */ = {
			isa = PBXGroup;
			children = (
				C02CE399186808B000305FC9 /* Earshot-Info.plist */,
				C02CE39A186808B000305FC9 /* InfoPlist.strings */,
				C02CE39D186808B000305FC9 /* main.m */,
				C02CE39F186808B000305FC9 /* Shortwave-Prefix.pch */,
				AAE1028D18C4729200BC7269 /* Math.h */,
				C0C75B2518F5EF0E004E1FB5 /* Constants.h */,
			);
			name = "Supporting Files";
			sourceTree = "<group>";
		};
		C02CE3BB186808B000305FC9 /* FirechatTests */ = {
			isa = PBXGroup;
			children = (
				C02CE3C1186808B000305FC9 /* FirechatTests.m */,
				C02CE3BC186808B000305FC9 /* Supporting Files */,
			);
			path = FirechatTests;
			sourceTree = "<group>";
		};
		C02CE3BC186808B000305FC9 /* Supporting Files */ = {
			isa = PBXGroup;
			children = (
				C02CE3BD186808B000305FC9 /* ShortwaveTests-Info.plist */,
				C02CE3BE186808B000305FC9 /* InfoPlist.strings */,
			);
			name = "Supporting Files";
			sourceTree = "<group>";
		};
		C02CE3EF1868D1A500305FC9 /* AsyncImageView */ = {
			isa = PBXGroup;
			children = (
				C02CE3F01868D1A500305FC9 /* AsyncImageView.h */,
				C02CE3F11868D1A500305FC9 /* AsyncImageView.m */,
			);
			name = AsyncImageView;
			path = Firechat/AsyncImageView;
			sourceTree = "<group>";
		};
/* End PBXGroup section */

/* Begin PBXNativeTarget section */
		C02CE389186808B000305FC9 /* Shortwave */ = {
			isa = PBXNativeTarget;
			buildConfigurationList = C02CE3C5186808B000305FC9 /* Build configuration list for PBXNativeTarget "Shortwave" */;
			buildPhases = (
				FC43C679E4654BBC9D761B36 /* Check Pods Manifest.lock */,
				C02CE386186808B000305FC9 /* Sources */,
				C02CE387186808B000305FC9 /* Frameworks */,
				C02CE388186808B000305FC9 /* Resources */,
				763DCE940D534E579150B7E1 /* Copy Pods Resources */,
				C0E64E0B18FDECD900D05EDC /* ShellScript */,
			);
			buildRules = (
			);
			dependencies = (
			);
			name = Shortwave;
			productName = Firechat;
			productReference = C02CE38A186808B000305FC9 /* Shortwave.app */;
			productType = "com.apple.product-type.application";
		};
		C02CE3B3186808B000305FC9 /* ShortwaveTests */ = {
			isa = PBXNativeTarget;
			buildConfigurationList = C02CE3C8186808B000305FC9 /* Build configuration list for PBXNativeTarget "ShortwaveTests" */;
			buildPhases = (
				C02CE3B0186808B000305FC9 /* Sources */,
				C02CE3B1186808B000305FC9 /* Frameworks */,
				C02CE3B2186808B000305FC9 /* Resources */,
			);
			buildRules = (
			);
			dependencies = (
				C02CE3BA186808B000305FC9 /* PBXTargetDependency */,
			);
			name = ShortwaveTests;
			productName = FirechatTests;
			productReference = C02CE3B4186808B000305FC9 /* ShortwaveTests.xctest */;
			productType = "com.apple.product-type.bundle.unit-test";
		};
/* End PBXNativeTarget section */

/* Begin PBXProject section */
		C02CE382186808B000305FC9 /* Project object */ = {
			isa = PBXProject;
			attributes = {
				CLASSPREFIX = FC;
				LastUpgradeCheck = 0500;
				ORGANIZATIONNAME = Buildco;
				TargetAttributes = {
					C02CE389186808B000305FC9 = {
						DevelopmentTeam = SQ4LKA86HJ;
						SystemCapabilities = {
							com.apple.BackgroundModes = {
								enabled = 1;
							};
						};
					};
					C02CE3B3186808B000305FC9 = {
						TestTargetID = C02CE389186808B000305FC9;
					};
				};
			};
			buildConfigurationList = C02CE385186808B000305FC9 /* Build configuration list for PBXProject "Shortwave" */;
			compatibilityVersion = "Xcode 3.2";
			developmentRegion = English;
			hasScannedForEncodings = 0;
			knownRegions = (
				en,
				Base,
			);
			mainGroup = C02CE381186808B000305FC9;
			productRefGroup = C02CE38B186808B000305FC9 /* Products */;
			projectDirPath = "";
			projectRoot = "";
			targets = (
				C02CE389186808B000305FC9 /* Shortwave */,
				C02CE3B3186808B000305FC9 /* ShortwaveTests */,
			);
		};
/* End PBXProject section */

/* Begin PBXResourcesBuildPhase section */
		C02CE388186808B000305FC9 /* Resources */ = {
			isa = PBXResourcesBuildPhase;
			buildActionMask = 2147483647;
			files = (
				AADAB29E18F62C5F00E61579 /* Phone-cord-export-02.png in Resources */,
				AAC6507318FA1E3D0010916D /* plugmask.png in Resources */,
				C02CE3D218680A5F00305FC9 /* main.storyboard in Resources */,
				AADAB2A018F62C5F00E61579 /* Phone-cord-export-04.png in Resources */,
				C0DC3DE3188B1BBB002342B9 /* imageassets.xcassets in Resources */,
				C02CE3AD186808B000305FC9 /* FCViewController.xib in Resources */,
				C02CE39C186808B000305FC9 /* InfoPlist.strings in Resources */,
				AADAB29F18F62C5F00E61579 /* Phone-cord-export-03.png in Resources */,
				AAC6507018FA1E3D0010916D /* cord.png in Resources */,
				AAC6506B18FA15F60010916D /* message@2x.png in Resources */,
				AA2B983C1900E56A002C0BC7 /* radar.png in Resources */,
				AA2B983A1900D625002C0BC7 /* icongradient.png in Resources */,
				AAC6506A18FA15F60010916D /* message.png in Resources */,
				AAC6507218FA1E3D0010916D /* plug.png in Resources */,
				AAC6507118FA1E3D0010916D /* cordmask.png in Resources */,
				AA643414190105E400419043 /* plugline.png in Resources */,
			);
			runOnlyForDeploymentPostprocessing = 0;
		};
		C02CE3B2186808B000305FC9 /* Resources */ = {
			isa = PBXResourcesBuildPhase;
			buildActionMask = 2147483647;
			files = (
				C02CE3C0186808B000305FC9 /* InfoPlist.strings in Resources */,
			);
			runOnlyForDeploymentPostprocessing = 0;
		};
/* End PBXResourcesBuildPhase section */

/* Begin PBXShellScriptBuildPhase section */
		763DCE940D534E579150B7E1 /* Copy Pods Resources */ = {
			isa = PBXShellScriptBuildPhase;
			buildActionMask = 2147483647;
			files = (
			);
			inputPaths = (
			);
			name = "Copy Pods Resources";
			outputPaths = (
			);
			runOnlyForDeploymentPostprocessing = 0;
			shellPath = /bin/sh;
			shellScript = "\"${SRCROOT}/Pods/Pods-resources.sh\"\n";
			showEnvVarsInLog = 0;
		};
		C0E64E0B18FDECD900D05EDC /* ShellScript */ = {
			isa = PBXShellScriptBuildPhase;
			buildActionMask = 2147483647;
			files = (
			);
			inputPaths = (
			);
			outputPaths = (
			);
			runOnlyForDeploymentPostprocessing = 0;
			shellPath = /bin/sh;
			shellScript = "./Crashlytics.framework/run 4a71d4033d33d194e246ada67acce08c24c06e80 a70de6678839e8d8230752438b7895d06e8abf9b925a1a1dc90dcdb176cfb012";
		};
		FC43C679E4654BBC9D761B36 /* Check Pods Manifest.lock */ = {
			isa = PBXShellScriptBuildPhase;
			buildActionMask = 2147483647;
			files = (
			);
			inputPaths = (
			);
			name = "Check Pods Manifest.lock";
			outputPaths = (
			);
			runOnlyForDeploymentPostprocessing = 0;
			shellPath = /bin/sh;
			shellScript = "diff \"${PODS_ROOT}/../Podfile.lock\" \"${PODS_ROOT}/Manifest.lock\" > /dev/null\nif [[ $? != 0 ]] ; then\n    cat << EOM\nerror: The sandbox is not in sync with the Podfile.lock. Run 'pod install' or update your CocoaPods installation.\nEOM\n    exit 1\nfi\n";
			showEnvVarsInLog = 0;
		};
/* End PBXShellScriptBuildPhase section */

/* Begin PBXSourcesBuildPhase section */
		C02CE386186808B000305FC9 /* Sources */ = {
			isa = PBXSourcesBuildPhase;
			buildActionMask = 2147483647;
			files = (
				C02CE39E186808B000305FC9 /* main.m in Sources */,
				C02CE3A2186808B000305FC9 /* FCAppDelegate.m in Sources */,
				C0ACBCB318EB6A2E00BBFCDF /* ESTransponder.m in Sources */,
				C013C4FD189EFF44001157E3 /* FCWallViewController.m in Sources */,
				C05742ED188394C8002509DB /* FCSurroundingsTableViewController.m in Sources */,
				AAF40AC318F12FD6000526BE /* UIImage+Resize.m in Sources */,
				AA9A9A0718F3184B00A01BB3 /* Reachability.m in Sources */,
				AA49D43618DE0E1500514DF5 /* FCLEErrorViewController.m in Sources */,
				C013C4FA189EF0C1001157E3 /* FCLandingViewController.m in Sources */,
				AA95952718ED4AA3002D7514 /* FCOwnerMessageCell.m in Sources */,
				C070A20318EF54C3000C9D3C /* CBCentralManager+Ext.m in Sources */,
				AAC6506718FA00700010916D /* RadarView.m in Sources */,
				AAD2449418D777590042A93F /* FCLandingPageViewController.m in Sources */,
				C05E124B186D3B3600BA89EA /* FCPostMessageViewController.m in Sources */,
				AAE3743E18DC05F2006A9C82 /* ESCoreDataController.m in Sources */,
				C02CE3DB186814A700305FC9 /* FCMessage.m in Sources */,
				AA69A5EA18D7AD27000E6781 /* FCLiveBlurButton.m in Sources */,
				AAE1028C18C469EC00BC7269 /* UIView+Glow.m in Sources */,
				C02CE3EE1868CD3000305FC9 /* FCMessageCell.m in Sources */,
				AA6BB87118ED180000EE6CF5 /* ESSwapUserStateCell.m in Sources */,
				C02CE3A8186808B000305FC9 /* FCViewController.m in Sources */,
				C05E124E186D3D5F00BA89EA /* FCUser.m in Sources */,
				AAE3743718DC0520006A9C82 /* myCoreDataModel.xcdatamodeld in Sources */,
				C02CE3F21868D1A500305FC9 /* AsyncImageView.m in Sources */,
				AA69A5ED18D7B4D4000E6781 /* UIImage+ImageEffects.m in Sources */,
				AAE3743B18DC05AB006A9C82 /* Beacon.m in Sources */,
				C070A20518EF54C3000C9D3C /* CBUUID+Ext.m in Sources */,
				AADE169118C52C8100F70F75 /* ESApplication.m in Sources */,
				AA6BB86E18ED141E00EE6CF5 /* ESSwapUserStateMessage.m in Sources */,
				C05742E718831F73002509DB /* FCBeacon.m in Sources */,
				AA8EC98E18C503BB00A8C4DC /* UIImage+AverageColor.m in Sources */,
				AA69A5E718D7A9C7000E6781 /* UIColor+HexString.m in Sources */,
				AA4D93E018EE16270051F8AE /* ESUserPMCell.m in Sources */,
				AAE1028918C45E5000BC7269 /* ProfileCollectionViewCell.m in Sources */,
				C070A20418EF54C3000C9D3C /* CBPeripheralManager+Ext.m in Sources */,
				AADAB29A18F5F1AA00E61579 /* ESViewController.m in Sources */,
			);
			runOnlyForDeploymentPostprocessing = 0;
		};
		C02CE3B0186808B000305FC9 /* Sources */ = {
			isa = PBXSourcesBuildPhase;
			buildActionMask = 2147483647;
			files = (
				C02CE3C2186808B000305FC9 /* FirechatTests.m in Sources */,
			);
			runOnlyForDeploymentPostprocessing = 0;
		};
/* End PBXSourcesBuildPhase section */

/* Begin PBXTargetDependency section */
		C02CE3BA186808B000305FC9 /* PBXTargetDependency */ = {
			isa = PBXTargetDependency;
			target = C02CE389186808B000305FC9 /* Shortwave */;
			targetProxy = C02CE3B9186808B000305FC9 /* PBXContainerItemProxy */;
		};
/* End PBXTargetDependency section */

/* Begin PBXVariantGroup section */
		C02CE39A186808B000305FC9 /* InfoPlist.strings */ = {
			isa = PBXVariantGroup;
			children = (
				C02CE39B186808B000305FC9 /* en */,
			);
			name = InfoPlist.strings;
			sourceTree = "<group>";
		};
		C02CE3AB186808B000305FC9 /* FCViewController.xib */ = {
			isa = PBXVariantGroup;
			children = (
				C02CE3AC186808B000305FC9 /* en */,
			);
			name = FCViewController.xib;
			path = Firechat;
			sourceTree = "<group>";
		};
		C02CE3BE186808B000305FC9 /* InfoPlist.strings */ = {
			isa = PBXVariantGroup;
			children = (
				C02CE3BF186808B000305FC9 /* en */,
			);
			name = InfoPlist.strings;
			sourceTree = "<group>";
		};
/* End PBXVariantGroup section */

/* Begin XCBuildConfiguration section */
		C02CE3C3186808B000305FC9 /* Debug */ = {
			isa = XCBuildConfiguration;
			buildSettings = {
				ALWAYS_SEARCH_USER_PATHS = NO;
				ARCHS = "$(ARCHS_STANDARD_INCLUDING_64_BIT)";
				CLANG_CXX_LANGUAGE_STANDARD = "gnu++0x";
				CLANG_CXX_LIBRARY = "libc++";
				CLANG_ENABLE_MODULES = YES;
				CLANG_ENABLE_OBJC_ARC = YES;
				CLANG_WARN_BOOL_CONVERSION = YES;
				CLANG_WARN_CONSTANT_CONVERSION = YES;
				CLANG_WARN_DIRECT_OBJC_ISA_USAGE = YES_ERROR;
				CLANG_WARN_EMPTY_BODY = YES;
				CLANG_WARN_ENUM_CONVERSION = YES;
				CLANG_WARN_INT_CONVERSION = YES;
				CLANG_WARN_OBJC_ROOT_CLASS = YES_ERROR;
				CLANG_WARN__DUPLICATE_METHOD_MATCH = YES;
				"CODE_SIGN_IDENTITY[sdk=iphoneos*]" = "iPhone Developer";
				COPY_PHASE_STRIP = NO;
				GCC_C_LANGUAGE_STANDARD = gnu99;
				GCC_DYNAMIC_NO_PIC = NO;
				GCC_OPTIMIZATION_LEVEL = 0;
				GCC_PREPROCESSOR_DEFINITIONS = (
					"DEBUG=1",
					"$(inherited)",
				);
				GCC_SYMBOLS_PRIVATE_EXTERN = NO;
				GCC_WARN_64_TO_32_BIT_CONVERSION = YES;
				GCC_WARN_ABOUT_RETURN_TYPE = YES_ERROR;
				GCC_WARN_UNDECLARED_SELECTOR = YES;
				GCC_WARN_UNINITIALIZED_AUTOS = YES;
				GCC_WARN_UNUSED_FUNCTION = YES;
				GCC_WARN_UNUSED_VARIABLE = YES;
				IPHONEOS_DEPLOYMENT_TARGET = 7.0;
				ONLY_ACTIVE_ARCH = YES;
				PROVISIONING_PROFILE = "8D0BF104-A5DE-4F71-9033-84C2E7924E24";
				SDKROOT = iphoneos;
			};
			name = Debug;
		};
		C02CE3C4186808B000305FC9 /* Release */ = {
			isa = XCBuildConfiguration;
			buildSettings = {
				ALWAYS_SEARCH_USER_PATHS = NO;
				ARCHS = "$(ARCHS_STANDARD_INCLUDING_64_BIT)";
				CLANG_CXX_LANGUAGE_STANDARD = "gnu++0x";
				CLANG_CXX_LIBRARY = "libc++";
				CLANG_ENABLE_MODULES = YES;
				CLANG_ENABLE_OBJC_ARC = YES;
				CLANG_WARN_BOOL_CONVERSION = YES;
				CLANG_WARN_CONSTANT_CONVERSION = YES;
				CLANG_WARN_DIRECT_OBJC_ISA_USAGE = YES_ERROR;
				CLANG_WARN_EMPTY_BODY = YES;
				CLANG_WARN_ENUM_CONVERSION = YES;
				CLANG_WARN_INT_CONVERSION = YES;
				CLANG_WARN_OBJC_ROOT_CLASS = YES_ERROR;
				CLANG_WARN__DUPLICATE_METHOD_MATCH = YES;
				CODE_SIGN_IDENTITY = "iPhone Distribution: ALONSO HOLMES (SQ4LKA86HJ)";
				"CODE_SIGN_IDENTITY[sdk=iphoneos*]" = "iPhone Distribution: ALONSO HOLMES (SQ4LKA86HJ)";
				COPY_PHASE_STRIP = YES;
				ENABLE_NS_ASSERTIONS = NO;
				GCC_C_LANGUAGE_STANDARD = gnu99;
				GCC_WARN_64_TO_32_BIT_CONVERSION = YES;
				GCC_WARN_ABOUT_RETURN_TYPE = YES_ERROR;
				GCC_WARN_UNDECLARED_SELECTOR = YES;
				GCC_WARN_UNINITIALIZED_AUTOS = YES;
				GCC_WARN_UNUSED_FUNCTION = YES;
				GCC_WARN_UNUSED_VARIABLE = YES;
				IPHONEOS_DEPLOYMENT_TARGET = 7.0;
				PROVISIONING_PROFILE = "C1E4D801-22A3-4C5C-97D3-B60735F0E1F1";
				SDKROOT = iphoneos;
				VALIDATE_PRODUCT = YES;
			};
			name = Release;
		};
		C02CE3C6186808B000305FC9 /* Debug */ = {
			isa = XCBuildConfiguration;
			baseConfigurationReference = A23697464CBE4C1081D30A27 /* Pods.xcconfig */;
			buildSettings = {
				ASSETCATALOG_COMPILER_APPICON_NAME = AppIcon;
				ASSETCATALOG_COMPILER_LAUNCHIMAGE_NAME = LaunchImage;
				CODE_SIGN_IDENTITY = "iPhone Developer: Alonso Holmes (8M2HL48XKL)";
				"CODE_SIGN_IDENTITY[sdk=iphoneos*]" = "iPhone Developer: Alonso Holmes (8M2HL48XKL)";
				FRAMEWORK_SEARCH_PATHS = "$(PROJECT_DIR)";
				GCC_PRECOMPILE_PREFIX_HEADER = YES;
				GCC_PREFIX_HEADER = "Firechat/Shortwave-Prefix.pch";
				INFOPLIST_FILE = "Firechat/Shortwave-Info.plist";
				IPHONEOS_DEPLOYMENT_TARGET = 7.0;
				LIBRARY_SEARCH_PATHS = (
					"$(inherited)",
					"$(PROJECT_DIR)/Pods/build/Debug-iphoneos",
				);
				OTHER_LDFLAGS = (
					"-ObjC",
					"-licucore",
				);
				PRODUCT_NAME = Shortwave;
				PROVISIONING_PROFILE = "8D0BF104-A5DE-4F71-9033-84C2E7924E24";
				TARGETED_DEVICE_FAMILY = 1;
				WRAPPER_EXTENSION = app;
			};
			name = Debug;
		};
		C02CE3C7186808B000305FC9 /* Release */ = {
			isa = XCBuildConfiguration;
			baseConfigurationReference = A23697464CBE4C1081D30A27 /* Pods.xcconfig */;
			buildSettings = {
				ASSETCATALOG_COMPILER_APPICON_NAME = AppIcon;
				ASSETCATALOG_COMPILER_LAUNCHIMAGE_NAME = LaunchImage;
				CODE_SIGN_IDENTITY = "iPhone Distribution: ALONSO HOLMES (SQ4LKA86HJ)";
				"CODE_SIGN_IDENTITY[sdk=iphoneos*]" = "iPhone Distribution: ALONSO HOLMES (SQ4LKA86HJ)";
				FRAMEWORK_SEARCH_PATHS = "$(PROJECT_DIR)";
				GCC_PRECOMPILE_PREFIX_HEADER = YES;
				GCC_PREFIX_HEADER = "Firechat/Shortwave-Prefix.pch";
				INFOPLIST_FILE = "Firechat/Shortwave-Info.plist";
				IPHONEOS_DEPLOYMENT_TARGET = 7.0;
				LIBRARY_SEARCH_PATHS = (
					"$(inherited)",
					"$(PROJECT_DIR)/Pods/build/Debug-iphoneos",
				);
				OTHER_LDFLAGS = (
					"-ObjC",
					"-licucore",
				);
				PRODUCT_NAME = Shortwave;
				PROVISIONING_PROFILE = "69D45C7A-A386-425F-9EC5-668E9331E28A";
				TARGETED_DEVICE_FAMILY = 1;
				WRAPPER_EXTENSION = app;
			};
			name = Release;
		};
		C02CE3C9186808B000305FC9 /* Debug */ = {
			isa = XCBuildConfiguration;
			buildSettings = {
				ARCHS = "$(ARCHS_STANDARD_INCLUDING_64_BIT)";
				BUNDLE_LOADER = "$(BUILT_PRODUCTS_DIR)/Firechat.app/Firechat";
				FRAMEWORK_SEARCH_PATHS = (
					"$(SDKROOT)/Developer/Library/Frameworks",
					"$(inherited)",
					"$(DEVELOPER_FRAMEWORKS_DIR)",
				);
				GCC_PRECOMPILE_PREFIX_HEADER = YES;
				GCC_PREFIX_HEADER = "Firechat/Firechat-Prefix.pch";
				GCC_PREPROCESSOR_DEFINITIONS = (
					"DEBUG=1",
					"$(inherited)",
				);
				INFOPLIST_FILE = "FirechatTests/ShortwaveTests-Info.plist";
				PRODUCT_NAME = ShortwaveTests;
				TEST_HOST = "$(BUNDLE_LOADER)";
				WRAPPER_EXTENSION = xctest;
			};
			name = Debug;
		};
		C02CE3CA186808B000305FC9 /* Release */ = {
			isa = XCBuildConfiguration;
			buildSettings = {
				ARCHS = "$(ARCHS_STANDARD_INCLUDING_64_BIT)";
				BUNDLE_LOADER = "$(BUILT_PRODUCTS_DIR)/Firechat.app/Firechat";
				FRAMEWORK_SEARCH_PATHS = (
					"$(SDKROOT)/Developer/Library/Frameworks",
					"$(inherited)",
					"$(DEVELOPER_FRAMEWORKS_DIR)",
				);
				GCC_PRECOMPILE_PREFIX_HEADER = YES;
				GCC_PREFIX_HEADER = "Firechat/Firechat-Prefix.pch";
				INFOPLIST_FILE = "FirechatTests/ShortwaveTests-Info.plist";
				PRODUCT_NAME = ShortwaveTests;
				TEST_HOST = "$(BUNDLE_LOADER)";
				WRAPPER_EXTENSION = xctest;
			};
			name = Release;
		};
/* End XCBuildConfiguration section */

/* Begin XCConfigurationList section */
		C02CE385186808B000305FC9 /* Build configuration list for PBXProject "Shortwave" */ = {
			isa = XCConfigurationList;
			buildConfigurations = (
				C02CE3C3186808B000305FC9 /* Debug */,
				C02CE3C4186808B000305FC9 /* Release */,
			);
			defaultConfigurationIsVisible = 0;
			defaultConfigurationName = Release;
		};
		C02CE3C5186808B000305FC9 /* Build configuration list for PBXNativeTarget "Shortwave" */ = {
			isa = XCConfigurationList;
			buildConfigurations = (
				C02CE3C6186808B000305FC9 /* Debug */,
				C02CE3C7186808B000305FC9 /* Release */,
			);
			defaultConfigurationIsVisible = 0;
			defaultConfigurationName = Release;
		};
		C02CE3C8186808B000305FC9 /* Build configuration list for PBXNativeTarget "ShortwaveTests" */ = {
			isa = XCConfigurationList;
			buildConfigurations = (
				C02CE3C9186808B000305FC9 /* Debug */,
				C02CE3CA186808B000305FC9 /* Release */,
			);
			defaultConfigurationIsVisible = 0;
			defaultConfigurationName = Release;
		};
/* End XCConfigurationList section */

/* Begin XCVersionGroup section */
		AAE3743518DC0520006A9C82 /* myCoreDataModel.xcdatamodeld */ = {
			isa = XCVersionGroup;
			children = (
				AAE3743618DC0520006A9C82 /* myCoreDataModel.xcdatamodel */,
			);
			currentVersion = AAE3743618DC0520006A9C82 /* myCoreDataModel.xcdatamodel */;
			path = myCoreDataModel.xcdatamodeld;
			sourceTree = "<group>";
			versionGroupType = wrapper.xcdatamodel;
		};
/* End XCVersionGroup section */
	};
	rootObject = C02CE382186808B000305FC9 /* Project object */;
}
